// !$*UTF8*$!
{
	archiveVersion = 1;
	classes = {
	};
	objectVersion = 42;
	objects = {

/* Begin PBXBuildFile section */
		049E88290A8FB6EE0072DD07 /* Foundation.framework in Frameworks */ = {isa = PBXBuildFile; fileRef = 049E88280A8FB6EE0072DD07 /* Foundation.framework */; };
		04E0A9730A8ECFDB006A9717 /* testfile.hc in CopyFiles */ = {isa = PBXBuildFile; fileRef = 04E0A9720A8ECFDB006A9717 /* testfile.hc */; };
		3D0E9CF50AFCFDE3004CE917 /* testfile6.hc in CopyFiles */ = {isa = PBXBuildFile; fileRef = 3D0E9CF40AFCFDE3004CE917 /* testfile6.hc */; };
		3D473B7A0AD46C0B00B35697 /* testfile3.hc in CopyFiles */ = {isa = PBXBuildFile; fileRef = 3D473B790AD46C0B00B35697 /* testfile3.hc */; };
		3D4E23AB0D99301000CDC3BC /* testfile7.hc in CopyFiles */ = {isa = PBXBuildFile; fileRef = 3D4E23A80D992FE000CDC3BC /* testfile7.hc */; };
		3D7298350A7BC89C0065F0AC /* CToken.cpp in Sources */ = {isa = PBXBuildFile; fileRef = 3D7298310A7BC89C0065F0AC /* CToken.cpp */; };
		3D7298590A7BC9990065F0AC /* CParser.cpp in Sources */ = {isa = PBXBuildFile; fileRef = 3D7298570A7BC9990065F0AC /* CParser.cpp */; };
		3D729D910A7C44260065F0AC /* GetFileContents.c in Sources */ = {isa = PBXBuildFile; fileRef = 3D729D8F0A7C44260065F0AC /* GetFileContents.c */; };
		3D897FBA0BFC7FB9009FF852 /* CCodeBlockNode.cpp in Sources */ = {isa = PBXBuildFile; fileRef = 3D897FB80BFC7FB9009FF852 /* CCodeBlockNode.cpp */; };
		3DAE6D2A0BF2992200946F2F /* CCommandNode.cpp in Sources */ = {isa = PBXBuildFile; fileRef = 3DAE6D280BF2992200946F2F /* CCommandNode.cpp */; };
		3DAE6D420BF3ADDA00946F2F /* CValueNode.cpp in Sources */ = {isa = PBXBuildFile; fileRef = 3DAE6D400BF3ADDA00946F2F /* CValueNode.cpp */; };
		3DAE6D4A0BF3B58A00946F2F /* CNode.cpp in Sources */ = {isa = PBXBuildFile; fileRef = 3DAE6D480BF3B58A00946F2F /* CNode.cpp */; };
		3DAE6D5A0BF3B67500946F2F /* CFunctionDefinitionNode.cpp in Sources */ = {isa = PBXBuildFile; fileRef = 3DAE6D580BF3B67500946F2F /* CFunctionDefinitionNode.cpp */; };
		3DAE6D740BF3B90500946F2F /* CParseTree.cpp in Sources */ = {isa = PBXBuildFile; fileRef = 3DAE6D720BF3B90500946F2F /* CParseTree.cpp */; };
		3DB55B170AC89AE40073C115 /* testfile2.hc in CopyFiles */ = {isa = PBXBuildFile; fileRef = 3DB55B160AC89AE40073C115 /* testfile2.hc */; };
		3DB565560AF8F46500F04130 /* testfile5.hc in CopyFiles */ = {isa = PBXBuildFile; fileRef = 3DB565550AF8F46500F04130 /* testfile5.hc */; };
		3DC0F1670BF5D4F700C641C2 /* CFunctionCallNode.cpp in Sources */ = {isa = PBXBuildFile; fileRef = 3DC0F1650BF5D4F700C641C2 /* CFunctionCallNode.cpp */; };
		3DC80A9E0BFF8D8B002CA7FF /* CWhileLoopNode.cpp in Sources */ = {isa = PBXBuildFile; fileRef = 3DC80A9C0BFF8D8B002CA7FF /* CWhileLoopNode.cpp */; };
		3DCEC4460AD9998400092ABF /* testfile4.hc in CopyFiles */ = {isa = PBXBuildFile; fileRef = 3DCEC4450AD9998400092ABF /* testfile4.hc */; };
		558A8D8512BD208600F514F4 /* CPushValueCommandNode.cpp in Sources */ = {isa = PBXBuildFile; fileRef = 558A8D8412BD208600F514F4 /* CPushValueCommandNode.cpp */; };
		558A8DC212BD2BBC00F514F4 /* CAssignCommandNode.cpp in Sources */ = {isa = PBXBuildFile; fileRef = 558A8DC012BD2BBC00F514F4 /* CAssignCommandNode.cpp */; };
		558A8EFE12BD6A4B00F514F4 /* CGetParamCommandNode.cpp in Sources */ = {isa = PBXBuildFile; fileRef = 558A8EFD12BD6A4B00F514F4 /* CGetParamCommandNode.cpp */; };
		558A8F1A12BD73DF00F514F4 /* CPrintCommandNode.cpp in Sources */ = {isa = PBXBuildFile; fileRef = 558A8F1912BD73DF00F514F4 /* CPrintCommandNode.cpp */; };
		55B24F600C189906001C7796 /* CVariableEntry.cpp in Sources */ = {isa = PBXBuildFile; fileRef = 55B24F5E0C189906001C7796 /* CVariableEntry.cpp */; };
		55C72BDE127DCEF400CF0F16 /* CCodeBlock.cpp in Sources */ = {isa = PBXBuildFile; fileRef = 55C72BDD127DCEF400CF0F16 /* CCodeBlock.cpp */; };
		55C72BF7127DD30B00CF0F16 /* LEOValue.c in Sources */ = {isa = PBXBuildFile; fileRef = 55C72BE9127DD30B00CF0F16 /* LEOValue.c */; };
		55C72BF8127DD30B00CF0F16 /* LEOInterpreter.c in Sources */ = {isa = PBXBuildFile; fileRef = 55C72BEB127DD30B00CF0F16 /* LEOInterpreter.c */; };
		55C72BF9127DD30B00CF0F16 /* LEOInstructions.c in Sources */ = {isa = PBXBuildFile; fileRef = 55C72BED127DD30B00CF0F16 /* LEOInstructions.c */; };
		55C72BFA127DD30B00CF0F16 /* LEOScript.c in Sources */ = {isa = PBXBuildFile; fileRef = 55C72BEF127DD30B00CF0F16 /* LEOScript.c */; };
		55C72BFB127DD30B00CF0F16 /* LEODebugger.c in Sources */ = {isa = PBXBuildFile; fileRef = 55C72BF1127DD30B00CF0F16 /* LEODebugger.c */; };
		55C72BFC127DD30B00CF0F16 /* LEOChunks.c in Sources */ = {isa = PBXBuildFile; fileRef = 55C72BF3127DD30B00CF0F16 /* LEOChunks.c */; };
		55C72BFD127DD30B00CF0F16 /* LEOContextGroup.c in Sources */ = {isa = PBXBuildFile; fileRef = 55C72BF5127DD30B00CF0F16 /* LEOContextGroup.c */; };
		55C72C3B127DD79B00CF0F16 /* LEOInstructionsGeneric.c in Sources */ = {isa = PBXBuildFile; fileRef = 55C72C3A127DD79B00CF0F16 /* LEOInstructionsGeneric.c */; };
		55D789E612BE937600C5D76E /* CReturnCommandNode.cpp in Sources */ = {isa = PBXBuildFile; fileRef = 55D789E512BE937600C5D76E /* CReturnCommandNode.cpp */; };
		8DD76F650486A84900D96B5E /* main.cpp in Sources */ = {isa = PBXBuildFile; fileRef = 08FB7796FE84155DC02AAC07 /* main.cpp */; settings = {ATTRIBUTES = (); }; };
/* End PBXBuildFile section */

/* Begin PBXCopyFilesBuildPhase section */
		8DD76F690486A84900D96B5E /* CopyFiles */ = {
			isa = PBXCopyFilesBuildPhase;
			buildActionMask = 12;
			dstPath = "";
			dstSubfolderSpec = 16;
			files = (
				04E0A9730A8ECFDB006A9717 /* testfile.hc in CopyFiles */,
				3DB55B170AC89AE40073C115 /* testfile2.hc in CopyFiles */,
				3D473B7A0AD46C0B00B35697 /* testfile3.hc in CopyFiles */,
				3DCEC4460AD9998400092ABF /* testfile4.hc in CopyFiles */,
				3DB565560AF8F46500F04130 /* testfile5.hc in CopyFiles */,
				3D0E9CF50AFCFDE3004CE917 /* testfile6.hc in CopyFiles */,
				3D4E23AB0D99301000CDC3BC /* testfile7.hc in CopyFiles */,
			);
			runOnlyForDeploymentPostprocessing = 0;
		};
/* End PBXCopyFilesBuildPhase section */

/* Begin PBXFileReference section */
		049E88280A8FB6EE0072DD07 /* Foundation.framework */ = {isa = PBXFileReference; lastKnownFileType = wrapper.framework; name = Foundation.framework; path = /System/Library/Frameworks/Foundation.framework; sourceTree = "<absolute>"; };
		04E0A9720A8ECFDB006A9717 /* testfile.hc */ = {isa = PBXFileReference; fileEncoding = 4; lastKnownFileType = text; path = testfile.hc; sourceTree = "<group>"; };
		08FB7796FE84155DC02AAC07 /* main.cpp */ = {isa = PBXFileReference; fileEncoding = 4; lastKnownFileType = sourcecode.cpp.cpp; path = main.cpp; sourceTree = "<group>"; };
		3D0E9CF40AFCFDE3004CE917 /* testfile6.hc */ = {isa = PBXFileReference; fileEncoding = 30; lastKnownFileType = text; path = testfile6.hc; sourceTree = "<group>"; };
		3D1F6C410A81496B00BF477D /* USAGE.txt */ = {isa = PBXFileReference; fileEncoding = 4; lastKnownFileType = text; path = USAGE.txt; sourceTree = "<group>"; };
		3D1F6C4A0A814AEC00BF477D /* HYPERTALK.txt */ = {isa = PBXFileReference; fileEncoding = 4; lastKnownFileType = text; path = HYPERTALK.txt; sourceTree = "<group>"; };
		3D228BF80A91B0440013C2DF /* TODO.txt */ = {isa = PBXFileReference; fileEncoding = 4; lastKnownFileType = text; path = TODO.txt; sourceTree = "<group>"; };
		3D473B790AD46C0B00B35697 /* testfile3.hc */ = {isa = PBXFileReference; fileEncoding = 30; lastKnownFileType = text; path = testfile3.hc; sourceTree = "<group>"; };
		3D4E23A80D992FE000CDC3BC /* testfile7.hc */ = {isa = PBXFileReference; fileEncoding = 4; lastKnownFileType = text; path = testfile7.hc; sourceTree = "<group>"; };
		3D7298310A7BC89C0065F0AC /* CToken.cpp */ = {isa = PBXFileReference; fileEncoding = 30; lastKnownFileType = sourcecode.cpp.cpp; path = CToken.cpp; sourceTree = "<group>"; };
		3D7298320A7BC89C0065F0AC /* CToken.h */ = {isa = PBXFileReference; fileEncoding = 30; lastKnownFileType = sourcecode.c.h; path = CToken.h; sourceTree = "<group>"; };
		3D7298560A7BC9990065F0AC /* CParser.h */ = {isa = PBXFileReference; fileEncoding = 4; lastKnownFileType = sourcecode.c.h; path = CParser.h; sourceTree = "<group>"; };
		3D7298570A7BC9990065F0AC /* CParser.cpp */ = {isa = PBXFileReference; fileEncoding = 4; lastKnownFileType = sourcecode.cpp.cpp; path = CParser.cpp; sourceTree = "<group>"; };
		3D729D8F0A7C44260065F0AC /* GetFileContents.c */ = {isa = PBXFileReference; fileEncoding = 30; lastKnownFileType = sourcecode.c.c; name = GetFileContents.c; path = ../UliKit/GetFileContents.c; sourceTree = SOURCE_ROOT; };
		3D729D900A7C44260065F0AC /* GetFileContents.h */ = {isa = PBXFileReference; fileEncoding = 30; lastKnownFileType = sourcecode.c.h; name = GetFileContents.h; path = ../UliKit/GetFileContents.h; sourceTree = SOURCE_ROOT; };
		3D894ED80B2386B900D4F1D2 /* Cocoa.framework */ = {isa = PBXFileReference; lastKnownFileType = wrapper.framework; name = Cocoa.framework; path = /System/Library/Frameworks/Cocoa.framework; sourceTree = "<absolute>"; };
		3D897FB70BFC7FB9009FF852 /* CCodeBlockNode.h */ = {isa = PBXFileReference; fileEncoding = 30; lastKnownFileType = sourcecode.c.h; path = CCodeBlockNode.h; sourceTree = "<group>"; };
		3D897FB80BFC7FB9009FF852 /* CCodeBlockNode.cpp */ = {isa = PBXFileReference; fileEncoding = 30; lastKnownFileType = sourcecode.cpp.cpp; path = CCodeBlockNode.cpp; sourceTree = "<group>"; };
		3D9B7DA90ABC1E7700767710 /* Carbon.framework */ = {isa = PBXFileReference; lastKnownFileType = wrapper.framework; name = Carbon.framework; path = /System/Library/Frameworks/Carbon.framework; sourceTree = "<absolute>"; };
		3DAE6D270BF2992200946F2F /* CCommandNode.h */ = {isa = PBXFileReference; fileEncoding = 4; lastKnownFileType = sourcecode.c.h; path = CCommandNode.h; sourceTree = "<group>"; };
		3DAE6D280BF2992200946F2F /* CCommandNode.cpp */ = {isa = PBXFileReference; fileEncoding = 4; lastKnownFileType = sourcecode.cpp.cpp; path = CCommandNode.cpp; sourceTree = "<group>"; };
		3DAE6D3F0BF3ADDA00946F2F /* CValueNode.h */ = {isa = PBXFileReference; fileEncoding = 4; lastKnownFileType = sourcecode.c.h; path = CValueNode.h; sourceTree = "<group>"; };
		3DAE6D400BF3ADDA00946F2F /* CValueNode.cpp */ = {isa = PBXFileReference; fileEncoding = 4; lastKnownFileType = sourcecode.cpp.cpp; path = CValueNode.cpp; sourceTree = "<group>"; };
		3DAE6D470BF3B58A00946F2F /* CNode.h */ = {isa = PBXFileReference; fileEncoding = 4; lastKnownFileType = sourcecode.c.h; path = CNode.h; sourceTree = "<group>"; };
		3DAE6D480BF3B58A00946F2F /* CNode.cpp */ = {isa = PBXFileReference; fileEncoding = 4; lastKnownFileType = sourcecode.cpp.cpp; path = CNode.cpp; sourceTree = "<group>"; };
		3DAE6D570BF3B67500946F2F /* CFunctionDefinitionNode.h */ = {isa = PBXFileReference; fileEncoding = 4; lastKnownFileType = sourcecode.c.h; path = CFunctionDefinitionNode.h; sourceTree = "<group>"; };
		3DAE6D580BF3B67500946F2F /* CFunctionDefinitionNode.cpp */ = {isa = PBXFileReference; fileEncoding = 4; lastKnownFileType = sourcecode.cpp.cpp; path = CFunctionDefinitionNode.cpp; sourceTree = "<group>"; };
		3DAE6D710BF3B90500946F2F /* CParseTree.h */ = {isa = PBXFileReference; fileEncoding = 4; lastKnownFileType = sourcecode.c.h; path = CParseTree.h; sourceTree = "<group>"; };
		3DAE6D720BF3B90500946F2F /* CParseTree.cpp */ = {isa = PBXFileReference; fileEncoding = 4; lastKnownFileType = sourcecode.cpp.cpp; path = CParseTree.cpp; sourceTree = "<group>"; };
		3DB55B160AC89AE40073C115 /* testfile2.hc */ = {isa = PBXFileReference; fileEncoding = 4; lastKnownFileType = text; path = testfile2.hc; sourceTree = "<group>"; };
		3DB565550AF8F46500F04130 /* testfile5.hc */ = {isa = PBXFileReference; fileEncoding = 30; lastKnownFileType = text; path = testfile5.hc; sourceTree = "<group>"; };
		3DC0F1640BF5D4F700C641C2 /* CFunctionCallNode.h */ = {isa = PBXFileReference; fileEncoding = 4; lastKnownFileType = sourcecode.c.h; path = CFunctionCallNode.h; sourceTree = "<group>"; };
		3DC0F1650BF5D4F700C641C2 /* CFunctionCallNode.cpp */ = {isa = PBXFileReference; fileEncoding = 4; lastKnownFileType = sourcecode.cpp.cpp; path = CFunctionCallNode.cpp; sourceTree = "<group>"; };
		3DC80A9B0BFF8D8B002CA7FF /* CWhileLoopNode.h */ = {isa = PBXFileReference; fileEncoding = 4; lastKnownFileType = sourcecode.c.h; path = CWhileLoopNode.h; sourceTree = "<group>"; };
		3DC80A9C0BFF8D8B002CA7FF /* CWhileLoopNode.cpp */ = {isa = PBXFileReference; fileEncoding = 4; lastKnownFileType = sourcecode.cpp.cpp; path = CWhileLoopNode.cpp; sourceTree = "<group>"; };
		3DCEC4450AD9998400092ABF /* testfile4.hc */ = {isa = PBXFileReference; fileEncoding = 4; lastKnownFileType = text; path = testfile4.hc; sourceTree = "<group>"; };
		3DF446040A9A644900516045 /* AddressBook.framework */ = {isa = PBXFileReference; lastKnownFileType = wrapper.framework; name = AddressBook.framework; path = /System/Library/Frameworks/AddressBook.framework; sourceTree = "<absolute>"; };
		55256831127CD571000D8325 /* UTF32CaseTables.h */ = {isa = PBXFileReference; fileEncoding = 4; lastKnownFileType = sourcecode.c.h; path = UTF32CaseTables.h; sourceTree = "<group>"; };
		558A8D1512BD10C800F514F4 /* testfile8.hc */ = {isa = PBXFileReference; fileEncoding = 4; lastKnownFileType = text; path = testfile8.hc; sourceTree = "<group>"; };
		558A8D8312BD208600F514F4 /* CPushValueCommandNode.h */ = {isa = PBXFileReference; fileEncoding = 4; lastKnownFileType = sourcecode.c.h; path = CPushValueCommandNode.h; sourceTree = "<group>"; };
		558A8D8412BD208600F514F4 /* CPushValueCommandNode.cpp */ = {isa = PBXFileReference; fileEncoding = 4; lastKnownFileType = sourcecode.cpp.cpp; path = CPushValueCommandNode.cpp; sourceTree = "<group>"; };
		558A8DC012BD2BBC00F514F4 /* CAssignCommandNode.cpp */ = {isa = PBXFileReference; fileEncoding = 4; lastKnownFileType = sourcecode.cpp.cpp; path = CAssignCommandNode.cpp; sourceTree = "<group>"; };
		558A8DC112BD2BBC00F514F4 /* CAssignCommandNode.h */ = {isa = PBXFileReference; fileEncoding = 4; lastKnownFileType = sourcecode.c.h; path = CAssignCommandNode.h; sourceTree = "<group>"; };
		558A8EFC12BD6A4B00F514F4 /* CGetParamCommandNode.h */ = {isa = PBXFileReference; fileEncoding = 4; lastKnownFileType = sourcecode.c.h; path = CGetParamCommandNode.h; sourceTree = "<group>"; };
		558A8EFD12BD6A4B00F514F4 /* CGetParamCommandNode.cpp */ = {isa = PBXFileReference; fileEncoding = 4; lastKnownFileType = sourcecode.cpp.cpp; path = CGetParamCommandNode.cpp; sourceTree = "<group>"; };
		558A8F1812BD73DF00F514F4 /* CPrintCommandNode.h */ = {isa = PBXFileReference; fileEncoding = 4; lastKnownFileType = sourcecode.c.h; path = CPrintCommandNode.h; sourceTree = "<group>"; };
		558A8F1912BD73DF00F514F4 /* CPrintCommandNode.cpp */ = {isa = PBXFileReference; fileEncoding = 4; lastKnownFileType = sourcecode.cpp.cpp; path = CPrintCommandNode.cpp; sourceTree = "<group>"; };
		55B24F5D0C189906001C7796 /* CVariableEntry.h */ = {isa = PBXFileReference; fileEncoding = 4; lastKnownFileType = sourcecode.c.h; path = CVariableEntry.h; sourceTree = "<group>"; };
		55B24F5E0C189906001C7796 /* CVariableEntry.cpp */ = {isa = PBXFileReference; fileEncoding = 4; lastKnownFileType = sourcecode.cpp.cpp; path = CVariableEntry.cpp; sourceTree = "<group>"; };
		55C72BDC127DCEF400CF0F16 /* CCodeBlock.h */ = {isa = PBXFileReference; fileEncoding = 4; lastKnownFileType = sourcecode.c.h; path = CCodeBlock.h; sourceTree = "<group>"; };
		55C72BDD127DCEF400CF0F16 /* CCodeBlock.cpp */ = {isa = PBXFileReference; fileEncoding = 4; lastKnownFileType = sourcecode.cpp.cpp; path = CCodeBlock.cpp; sourceTree = "<group>"; };
		55C72BE8127DD30B00CF0F16 /* LEOValue.h */ = {isa = PBXFileReference; fileEncoding = 4; lastKnownFileType = sourcecode.c.h; name = LEOValue.h; path = ../Leonie/common/LEOValue.h; sourceTree = SOURCE_ROOT; };
		55C72BE9127DD30B00CF0F16 /* LEOValue.c */ = {isa = PBXFileReference; fileEncoding = 4; lastKnownFileType = sourcecode.c.c; name = LEOValue.c; path = ../Leonie/common/LEOValue.c; sourceTree = SOURCE_ROOT; };
		55C72BEA127DD30B00CF0F16 /* LEOInterpreter.h */ = {isa = PBXFileReference; fileEncoding = 4; lastKnownFileType = sourcecode.c.h; name = LEOInterpreter.h; path = ../Leonie/common/LEOInterpreter.h; sourceTree = SOURCE_ROOT; };
		55C72BEB127DD30B00CF0F16 /* LEOInterpreter.c */ = {isa = PBXFileReference; fileEncoding = 4; lastKnownFileType = sourcecode.c.c; name = LEOInterpreter.c; path = ../Leonie/common/LEOInterpreter.c; sourceTree = SOURCE_ROOT; };
		55C72BEC127DD30B00CF0F16 /* LEOInstructions.h */ = {isa = PBXFileReference; fileEncoding = 4; lastKnownFileType = sourcecode.c.h; name = LEOInstructions.h; path = ../Leonie/common/LEOInstructions.h; sourceTree = SOURCE_ROOT; };
		55C72BED127DD30B00CF0F16 /* LEOInstructions.c */ = {isa = PBXFileReference; fileEncoding = 4; lastKnownFileType = sourcecode.c.c; name = LEOInstructions.c; path = ../Leonie/common/LEOInstructions.c; sourceTree = SOURCE_ROOT; };
		55C72BEE127DD30B00CF0F16 /* LEOScript.h */ = {isa = PBXFileReference; fileEncoding = 4; lastKnownFileType = sourcecode.c.h; name = LEOScript.h; path = ../Leonie/common/LEOScript.h; sourceTree = SOURCE_ROOT; };
		55C72BEF127DD30B00CF0F16 /* LEOScript.c */ = {isa = PBXFileReference; fileEncoding = 4; lastKnownFileType = sourcecode.c.c; name = LEOScript.c; path = ../Leonie/common/LEOScript.c; sourceTree = SOURCE_ROOT; };
		55C72BF0127DD30B00CF0F16 /* LEODebugger.h */ = {isa = PBXFileReference; fileEncoding = 4; lastKnownFileType = sourcecode.c.h; name = LEODebugger.h; path = ../Leonie/common/LEODebugger.h; sourceTree = SOURCE_ROOT; };
		55C72BF1127DD30B00CF0F16 /* LEODebugger.c */ = {isa = PBXFileReference; fileEncoding = 4; lastKnownFileType = sourcecode.c.c; name = LEODebugger.c; path = ../Leonie/common/LEODebugger.c; sourceTree = SOURCE_ROOT; };
		55C72BF2127DD30B00CF0F16 /* LEOChunks.h */ = {isa = PBXFileReference; fileEncoding = 4; lastKnownFileType = sourcecode.c.h; name = LEOChunks.h; path = ../Leonie/common/LEOChunks.h; sourceTree = SOURCE_ROOT; };
		55C72BF3127DD30B00CF0F16 /* LEOChunks.c */ = {isa = PBXFileReference; fileEncoding = 4; lastKnownFileType = sourcecode.c.c; name = LEOChunks.c; path = ../Leonie/common/LEOChunks.c; sourceTree = SOURCE_ROOT; };
		55C72BF4127DD30B00CF0F16 /* LEOContextGroup.h */ = {isa = PBXFileReference; fileEncoding = 4; lastKnownFileType = sourcecode.c.h; name = LEOContextGroup.h; path = ../Leonie/common/LEOContextGroup.h; sourceTree = SOURCE_ROOT; };
		55C72BF5127DD30B00CF0F16 /* LEOContextGroup.c */ = {isa = PBXFileReference; fileEncoding = 4; lastKnownFileType = sourcecode.c.c; name = LEOContextGroup.c; path = ../Leonie/common/LEOContextGroup.c; sourceTree = SOURCE_ROOT; };
		55C72BF6127DD30B00CF0F16 /* LEOHandlerID.h */ = {isa = PBXFileReference; fileEncoding = 4; lastKnownFileType = sourcecode.c.h; name = LEOHandlerID.h; path = ../Leonie/common/LEOHandlerID.h; sourceTree = SOURCE_ROOT; };
		55C72C3A127DD79B00CF0F16 /* LEOInstructionsGeneric.c */ = {isa = PBXFileReference; fileEncoding = 4; lastKnownFileType = sourcecode.c.c; name = LEOInstructionsGeneric.c; path = ../Leonie/generic/LEOInstructionsGeneric.c; sourceTree = SOURCE_ROOT; };
		55D789E412BE937600C5D76E /* CReturnCommandNode.h */ = {isa = PBXFileReference; fileEncoding = 4; lastKnownFileType = sourcecode.c.h; path = CReturnCommandNode.h; sourceTree = "<group>"; };
		55D789E512BE937600C5D76E /* CReturnCommandNode.cpp */ = {isa = PBXFileReference; fileEncoding = 4; lastKnownFileType = sourcecode.cpp.cpp; path = CReturnCommandNode.cpp; sourceTree = "<group>"; };
		55D78A0712BE9E1F00C5D76E /* testfile9.hc */ = {isa = PBXFileReference; fileEncoding = 4; lastKnownFileType = text; path = testfile9.hc; sourceTree = "<group>"; };
		8DD76F6C0486A84900D96B5E /* Forge */ = {isa = PBXFileReference; explicitFileType = "compiled.mach-o.executable"; includeInIndex = 0; path = Forge; sourceTree = BUILT_PRODUCTS_DIR; };
/* End PBXFileReference section */

/* Begin PBXFrameworksBuildPhase section */
		8DD76F660486A84900D96B5E /* Frameworks */ = {
			isa = PBXFrameworksBuildPhase;
			buildActionMask = 2147483647;
			files = (
				049E88290A8FB6EE0072DD07 /* Foundation.framework in Frameworks */,
			);
			runOnlyForDeploymentPostprocessing = 0;
		};
/* End PBXFrameworksBuildPhase section */

/* Begin PBXGroup section */
		049E87FB0A8FB6830072DD07 /* Linked Libraries */ = {
			isa = PBXGroup;
			children = (
				3D894ED80B2386B900D4F1D2 /* Cocoa.framework */,
				3D9B7DA90ABC1E7700767710 /* Carbon.framework */,
				049E88280A8FB6EE0072DD07 /* Foundation.framework */,
				3DF446040A9A644900516045 /* AddressBook.framework */,
			);
			name = "Linked Libraries";
			sourceTree = "<group>";
		};
		08FB7794FE84155DC02AAC07 /* HyperC */ = {
			isa = PBXGroup;
			children = (
				3D228BF80A91B0440013C2DF /* TODO.txt */,
				3D1F6C410A81496B00BF477D /* USAGE.txt */,
				3D1F6C4A0A814AEC00BF477D /* HYPERTALK.txt */,
				04E0A9720A8ECFDB006A9717 /* testfile.hc */,
				3DB55B160AC89AE40073C115 /* testfile2.hc */,
				3D473B790AD46C0B00B35697 /* testfile3.hc */,
				3DCEC4450AD9998400092ABF /* testfile4.hc */,
				3DB565550AF8F46500F04130 /* testfile5.hc */,
				3D0E9CF40AFCFDE3004CE917 /* testfile6.hc */,
				3D4E23A80D992FE000CDC3BC /* testfile7.hc */,
				558A8D1512BD10C800F514F4 /* testfile8.hc */,
				55D78A0712BE9E1F00C5D76E /* testfile9.hc */,
				08FB7795FE84155DC02AAC07 /* Source */,
				049E87FB0A8FB6830072DD07 /* Linked Libraries */,
				1AB674ADFE9D54B511CA2CBB /* Products */,
			);
			name = HyperC;
			sourceTree = "<group>";
		};
		08FB7795FE84155DC02AAC07 /* Source */ = {
			isa = PBXGroup;
			children = (
				08FB7796FE84155DC02AAC07 /* main.cpp */,
				55C72BDC127DCEF400CF0F16 /* CCodeBlock.h */,
				55C72BDD127DCEF400CF0F16 /* CCodeBlock.cpp */,
				55B24F5D0C189906001C7796 /* CVariableEntry.h */,
				55B24F5E0C189906001C7796 /* CVariableEntry.cpp */,
				55256831127CD571000D8325 /* UTF32CaseTables.h */,
				3D7298320A7BC89C0065F0AC /* CToken.h */,
				3D7298310A7BC89C0065F0AC /* CToken.cpp */,
				3D7298560A7BC9990065F0AC /* CParser.h */,
				3D7298570A7BC9990065F0AC /* CParser.cpp */,
				3D729D900A7C44260065F0AC /* GetFileContents.h */,
				3D729D8F0A7C44260065F0AC /* GetFileContents.c */,
				3DAE6D2F0BF29A8A00946F2F /* Parse Tree */,
				55C72BFE127DD31600CF0F16 /* Leonie */,
			);
			name = Source;
			sourceTree = "<group>";
		};
		1AB674ADFE9D54B511CA2CBB /* Products */ = {
			isa = PBXGroup;
			children = (
				8DD76F6C0486A84900D96B5E /* Forge */,
			);
			name = Products;
			sourceTree = "<group>";
		};
		3DAE6D2F0BF29A8A00946F2F /* Parse Tree */ = {
			isa = PBXGroup;
			children = (
				3DAE6D710BF3B90500946F2F /* CParseTree.h */,
				3DAE6D720BF3B90500946F2F /* CParseTree.cpp */,
				3DAE6D470BF3B58A00946F2F /* CNode.h */,
				3DAE6D480BF3B58A00946F2F /* CNode.cpp */,
				3DAE6D3F0BF3ADDA00946F2F /* CValueNode.h */,
				3DAE6D400BF3ADDA00946F2F /* CValueNode.cpp */,
				558A8D8012BD205800F514F4 /* Commands */,
				3DC80ACD0BFFBFE5002CA7FF /* Code Blocks */,
			);
			name = "Parse Tree";
			sourceTree = "<group>";
		};
		3DC80ACD0BFFBFE5002CA7FF /* Code Blocks */ = {
			isa = PBXGroup;
			children = (
				3D897FB70BFC7FB9009FF852 /* CCodeBlockNode.h */,
				3D897FB80BFC7FB9009FF852 /* CCodeBlockNode.cpp */,
				3DAE6D570BF3B67500946F2F /* CFunctionDefinitionNode.h */,
				3DAE6D580BF3B67500946F2F /* CFunctionDefinitionNode.cpp */,
				3DC80A9B0BFF8D8B002CA7FF /* CWhileLoopNode.h */,
				3DC80A9C0BFF8D8B002CA7FF /* CWhileLoopNode.cpp */,
			);
			name = "Code Blocks";
			sourceTree = "<group>";
		};
		558A8D8012BD205800F514F4 /* Commands */ = {
			isa = PBXGroup;
			children = (
				3DAE6D270BF2992200946F2F /* CCommandNode.h */,
				3DAE6D280BF2992200946F2F /* CCommandNode.cpp */,
				558A8D8312BD208600F514F4 /* CPushValueCommandNode.h */,
				558A8D8412BD208600F514F4 /* CPushValueCommandNode.cpp */,
				558A8DC112BD2BBC00F514F4 /* CAssignCommandNode.h */,
				558A8DC012BD2BBC00F514F4 /* CAssignCommandNode.cpp */,
				558A8EFC12BD6A4B00F514F4 /* CGetParamCommandNode.h */,
				558A8EFD12BD6A4B00F514F4 /* CGetParamCommandNode.cpp */,
				558A8F1812BD73DF00F514F4 /* CPrintCommandNode.h */,
				558A8F1912BD73DF00F514F4 /* CPrintCommandNode.cpp */,
				55D789E412BE937600C5D76E /* CReturnCommandNode.h */,
				55D789E512BE937600C5D76E /* CReturnCommandNode.cpp */,
				3DC0F1640BF5D4F700C641C2 /* CFunctionCallNode.h */,
				3DC0F1650BF5D4F700C641C2 /* CFunctionCallNode.cpp */,
			);
			name = Commands;
			sourceTree = "<group>";
		};
		55C72BFE127DD31600CF0F16 /* Leonie */ = {
			isa = PBXGroup;
			children = (
				55C72BE8127DD30B00CF0F16 /* LEOValue.h */,
				55C72BE9127DD30B00CF0F16 /* LEOValue.c */,
				55C72BEA127DD30B00CF0F16 /* LEOInterpreter.h */,
				55C72BEB127DD30B00CF0F16 /* LEOInterpreter.c */,
				55C72BEC127DD30B00CF0F16 /* LEOInstructions.h */,
				55C72BED127DD30B00CF0F16 /* LEOInstructions.c */,
				55C72BEE127DD30B00CF0F16 /* LEOScript.h */,
				55C72BEF127DD30B00CF0F16 /* LEOScript.c */,
				55C72BF0127DD30B00CF0F16 /* LEODebugger.h */,
				55C72BF1127DD30B00CF0F16 /* LEODebugger.c */,
				55C72BF2127DD30B00CF0F16 /* LEOChunks.h */,
				55C72BF3127DD30B00CF0F16 /* LEOChunks.c */,
				55C72BF4127DD30B00CF0F16 /* LEOContextGroup.h */,
				55C72BF5127DD30B00CF0F16 /* LEOContextGroup.c */,
				55C72BF6127DD30B00CF0F16 /* LEOHandlerID.h */,
				55C72C3A127DD79B00CF0F16 /* LEOInstructionsGeneric.c */,
			);
			name = Leonie;
			sourceTree = "<group>";
		};
/* End PBXGroup section */

/* Begin PBXNativeTarget section */
		8DD76F620486A84900D96B5E /* Forge */ = {
			isa = PBXNativeTarget;
			buildConfigurationList = 1DEB923108733DC60010E9CD /* Build configuration list for PBXNativeTarget "Forge" */;
			buildPhases = (
				8DD76F640486A84900D96B5E /* Sources */,
				8DD76F660486A84900D96B5E /* Frameworks */,
				8DD76F690486A84900D96B5E /* CopyFiles */,
			);
			buildRules = (
			);
			dependencies = (
			);
			name = Forge;
			productInstallPath = "$(HOME)/bin";
			productName = HyperC;
			productReference = 8DD76F6C0486A84900D96B5E /* Forge */;
			productType = "com.apple.product-type.tool";
		};
/* End PBXNativeTarget section */

/* Begin PBXProject section */
		08FB7793FE84155DC02AAC07 /* Project object */ = {
			isa = PBXProject;
			buildConfigurationList = 1DEB923508733DC60010E9CD /* Build configuration list for PBXProject "Forge" */;
			compatibilityVersion = "Xcode 2.4";
			hasScannedForEncodings = 1;
			mainGroup = 08FB7794FE84155DC02AAC07 /* HyperC */;
			projectDirPath = "";
			projectRoot = ..;
			targets = (
				8DD76F620486A84900D96B5E /* Forge */,
			);
		};
/* End PBXProject section */

/* Begin PBXSourcesBuildPhase section */
		8DD76F640486A84900D96B5E /* Sources */ = {
			isa = PBXSourcesBuildPhase;
			buildActionMask = 2147483647;
			files = (
				8DD76F650486A84900D96B5E /* main.cpp in Sources */,
				3D7298350A7BC89C0065F0AC /* CToken.cpp in Sources */,
				3D7298590A7BC9990065F0AC /* CParser.cpp in Sources */,
				3D729D910A7C44260065F0AC /* GetFileContents.c in Sources */,
				3DAE6D2A0BF2992200946F2F /* CCommandNode.cpp in Sources */,
				3DAE6D420BF3ADDA00946F2F /* CValueNode.cpp in Sources */,
				3DAE6D4A0BF3B58A00946F2F /* CNode.cpp in Sources */,
				3DAE6D5A0BF3B67500946F2F /* CFunctionDefinitionNode.cpp in Sources */,
				3DAE6D740BF3B90500946F2F /* CParseTree.cpp in Sources */,
				3DC0F1670BF5D4F700C641C2 /* CFunctionCallNode.cpp in Sources */,
				3D897FBA0BFC7FB9009FF852 /* CCodeBlockNode.cpp in Sources */,
				3DC80A9E0BFF8D8B002CA7FF /* CWhileLoopNode.cpp in Sources */,
				55B24F600C189906001C7796 /* CVariableEntry.cpp in Sources */,
				55C72BDE127DCEF400CF0F16 /* CCodeBlock.cpp in Sources */,
				55C72BF7127DD30B00CF0F16 /* LEOValue.c in Sources */,
				55C72BF8127DD30B00CF0F16 /* LEOInterpreter.c in Sources */,
				55C72BF9127DD30B00CF0F16 /* LEOInstructions.c in Sources */,
				55C72BFA127DD30B00CF0F16 /* LEOScript.c in Sources */,
				55C72BFB127DD30B00CF0F16 /* LEODebugger.c in Sources */,
				55C72BFC127DD30B00CF0F16 /* LEOChunks.c in Sources */,
				55C72BFD127DD30B00CF0F16 /* LEOContextGroup.c in Sources */,
				55C72C3B127DD79B00CF0F16 /* LEOInstructionsGeneric.c in Sources */,
				558A8D8512BD208600F514F4 /* CPushValueCommandNode.cpp in Sources */,
				558A8DC212BD2BBC00F514F4 /* CAssignCommandNode.cpp in Sources */,
				558A8EFE12BD6A4B00F514F4 /* CGetParamCommandNode.cpp in Sources */,
				558A8F1A12BD73DF00F514F4 /* CPrintCommandNode.cpp in Sources */,
				55D789E612BE937600C5D76E /* CReturnCommandNode.cpp in Sources */,
			);
			runOnlyForDeploymentPostprocessing = 0;
		};
/* End PBXSourcesBuildPhase section */

/* Begin XCBuildConfiguration section */
		1DEB923208733DC60010E9CD /* Debug */ = {
			isa = XCBuildConfiguration;
			buildSettings = {
				COPY_PHASE_STRIP = NO;
				GCC_C_LANGUAGE_STANDARD = gnu99;
				GCC_DYNAMIC_NO_PIC = NO;
				GCC_ENABLE_FIX_AND_CONTINUE = YES;
				GCC_MODEL_TUNING = G5;
				GCC_OPTIMIZATION_LEVEL = 0;
				GCC_WARN_PEDANTIC = NO;
				INSTALL_PATH = "$(HOME)/bin";
				OTHER_CFLAGS = "-DDONT_ADJUST_LINE_NUMBERS";
				PRODUCT_NAME = Forge;
				ZERO_LINK = NO;
			};
			name = Debug;
		};
		1DEB923308733DC60010E9CD /* Release */ = {
			isa = XCBuildConfiguration;
			buildSettings = {
				ARCHS = (
					ppc,
					i386,
				);
				DEPLOYMENT_POSTPROCESSING = YES;
				GCC_C_LANGUAGE_STANDARD = gnu99;
				GCC_GENERATE_DEBUGGING_SYMBOLS = NO;
				GCC_MODEL_TUNING = G5;
				GCC_WARN_PEDANTIC = NO;
				INSTALL_PATH = "$(HOME)/bin";
				PRODUCT_NAME = Forge;
				STRIP_INSTALLED_PRODUCT = YES;
				ZERO_LINK = NO;
			};
			name = Release;
		};
		1DEB923608733DC60010E9CD /* Debug */ = {
			isa = XCBuildConfiguration;
			buildSettings = {
				GCC_WARN_ABOUT_RETURN_TYPE = YES;
				GCC_WARN_PEDANTIC = YES;
				GCC_WARN_SHADOW = YES;
				GCC_WARN_SIGN_COMPARE = YES;
				GCC_WARN_UNINITIALIZED_AUTOS = NO;
				GCC_WARN_UNUSED_VALUE = YES;
				GCC_WARN_UNUSED_VARIABLE = YES;
				PREBINDING = NO;
				SDKROOT = "";
			};
			name = Debug;
		};
		1DEB923708733DC60010E9CD /* Release */ = {
			isa = XCBuildConfiguration;
			buildSettings = {
				GCC_WARN_ABOUT_RETURN_TYPE = YES;
				GCC_WARN_PEDANTIC = YES;
				GCC_WARN_SHADOW = YES;
				GCC_WARN_SIGN_COMPARE = YES;
				GCC_WARN_UNINITIALIZED_AUTOS = YES;
				GCC_WARN_UNUSED_VALUE = YES;
				GCC_WARN_UNUSED_VARIABLE = YES;
				PREBINDING = NO;
				SDKROOT = "";
			};
			name = Release;
		};
/* End XCBuildConfiguration section */

/* Begin XCConfigurationList section */
		1DEB923108733DC60010E9CD /* Build configuration list for PBXNativeTarget "Forge" */ = {
			isa = XCConfigurationList;
			buildConfigurations = (
				1DEB923208733DC60010E9CD /* Debug */,
				1DEB923308733DC60010E9CD /* Release */,
			);
			defaultConfigurationIsVisible = 0;
			defaultConfigurationName = Release;
		};
		1DEB923508733DC60010E9CD /* Build configuration list for PBXProject "Forge" */ = {
			isa = XCConfigurationList;
			buildConfigurations = (
				1DEB923608733DC60010E9CD /* Debug */,
				1DEB923708733DC60010E9CD /* Release */,
			);
			defaultConfigurationIsVisible = 0;
			defaultConfigurationName = Release;
		};
/* End XCConfigurationList section */
	};
	rootObject = 08FB7793FE84155DC02AAC07 /* Project object */;
}
