// !$*UTF8*$!
{
	archiveVersion = 1;
	classes = {
	};
	objectVersion = 46;
	objects = {

/* Begin PBXBuildFile section */
		049E88290A8FB6EE0072DD07 /* Foundation.framework in Frameworks */ = {isa = PBXBuildFile; fileRef = 049E88280A8FB6EE0072DD07 /* Foundation.framework */; };
		04E0A9730A8ECFDB006A9717 /* testfile.hc in CopyFiles */ = {isa = PBXBuildFile; fileRef = 04E0A9720A8ECFDB006A9717 /* testfile.hc */; };
		3D0E9CF50AFCFDE3004CE917 /* testfile6.hc in CopyFiles */ = {isa = PBXBuildFile; fileRef = 3D0E9CF40AFCFDE3004CE917 /* testfile6.hc */; };
		3D473B7A0AD46C0B00B35697 /* testfile3.hc in CopyFiles */ = {isa = PBXBuildFile; fileRef = 3D473B790AD46C0B00B35697 /* testfile3.hc */; };
		3D4E23AB0D99301000CDC3BC /* testfile7.hc in CopyFiles */ = {isa = PBXBuildFile; fileRef = 3D4E23A80D992FE000CDC3BC /* testfile7.hc */; };
		3D7298350A7BC89C0065F0AC /* CToken.cpp in Sources */ = {isa = PBXBuildFile; fileRef = 3D7298310A7BC89C0065F0AC /* CToken.cpp */; };
		3D7298590A7BC9990065F0AC /* CParser.cpp in Sources */ = {isa = PBXBuildFile; fileRef = 3D7298570A7BC9990065F0AC /* CParser.cpp */; };
		3D897FBA0BFC7FB9009FF852 /* CCodeBlockNode.cpp in Sources */ = {isa = PBXBuildFile; fileRef = 3D897FB80BFC7FB9009FF852 /* CCodeBlockNode.cpp */; };
		3DAE6D2A0BF2992200946F2F /* CCommandNode.cpp in Sources */ = {isa = PBXBuildFile; fileRef = 3DAE6D280BF2992200946F2F /* CCommandNode.cpp */; };
		3DAE6D420BF3ADDA00946F2F /* CValueNode.cpp in Sources */ = {isa = PBXBuildFile; fileRef = 3DAE6D400BF3ADDA00946F2F /* CValueNode.cpp */; };
		3DAE6D4A0BF3B58A00946F2F /* CNode.cpp in Sources */ = {isa = PBXBuildFile; fileRef = 3DAE6D480BF3B58A00946F2F /* CNode.cpp */; };
		3DAE6D5A0BF3B67500946F2F /* CFunctionDefinitionNode.cpp in Sources */ = {isa = PBXBuildFile; fileRef = 3DAE6D580BF3B67500946F2F /* CFunctionDefinitionNode.cpp */; };
		3DAE6D740BF3B90500946F2F /* CParseTree.cpp in Sources */ = {isa = PBXBuildFile; fileRef = 3DAE6D720BF3B90500946F2F /* CParseTree.cpp */; };
		3DB55B170AC89AE40073C115 /* testfile2.hc in CopyFiles */ = {isa = PBXBuildFile; fileRef = 3DB55B160AC89AE40073C115 /* testfile2.hc */; };
		3DB565560AF8F46500F04130 /* testfile5.hc in CopyFiles */ = {isa = PBXBuildFile; fileRef = 3DB565550AF8F46500F04130 /* testfile5.hc */; };
		3DC0F1670BF5D4F700C641C2 /* CFunctionCallNode.cpp in Sources */ = {isa = PBXBuildFile; fileRef = 3DC0F1650BF5D4F700C641C2 /* CFunctionCallNode.cpp */; };
		3DC80A9E0BFF8D8B002CA7FF /* CWhileLoopNode.cpp in Sources */ = {isa = PBXBuildFile; fileRef = 3DC80A9C0BFF8D8B002CA7FF /* CWhileLoopNode.cpp */; };
		3DCEC4460AD9998400092ABF /* testfile4.hc in CopyFiles */ = {isa = PBXBuildFile; fileRef = 3DCEC4450AD9998400092ABF /* testfile4.hc */; };
		551E0E091CD2C294008B80E1 /* LEOStringUtilities.c in Sources */ = {isa = PBXBuildFile; fileRef = 551E0E081CD2C294008B80E1 /* LEOStringUtilities.c */; };
		5523FE9413426059009D8EF1 /* testfile8.hc in CopyFiles */ = {isa = PBXBuildFile; fileRef = 558A8D1512BD10C800F514F4 /* testfile8.hc */; };
		5523FE961342605B009D8EF1 /* testfile9.hc in CopyFiles */ = {isa = PBXBuildFile; fileRef = 55D78A0712BE9E1F00C5D76E /* testfile9.hc */; };
		5523FE9813426067009D8EF1 /* testfile11.hc in CopyFiles */ = {isa = PBXBuildFile; fileRef = 55FCECD312C8F11200D76F6B /* testfile11.hc */; };
		5523FE991342606B009D8EF1 /* testfile12.hc in CopyFiles */ = {isa = PBXBuildFile; fileRef = 55BF65DC12D936C000C2FDC3 /* testfile12.hc */; };
		5523FE9A13426074009D8EF1 /* testfile10.hc in CopyFiles */ = {isa = PBXBuildFile; fileRef = 55FCEC0012C8DD0E00D76F6B /* testfile10.hc */; };
		5538246617274659007785D8 /* LEOObjCCallInstructions.c in Sources */ = {isa = PBXBuildFile; fileRef = 5538246417274659007785D8 /* LEOObjCCallInstructions.c */; };
		554DC30D1863670C00B514E3 /* testfile13.hc in CopyFiles */ = {isa = PBXBuildFile; fileRef = 554DC30C186366F100B514E3 /* testfile13.hc */; };
		554DC317186390FE00B514E3 /* CForgeExceptions.cpp in Sources */ = {isa = PBXBuildFile; fileRef = 554DC315186390FE00B514E3 /* CForgeExceptions.cpp */; };
		5559CEFD1EB654E000815DD9 /* testfile16.hc in CopyFiles */ = {isa = PBXBuildFile; fileRef = 5559CEFC1EB6548A00815DD9 /* testfile16.hc */; };
		556FA4531718AAA600A108E5 /* UnitTest.hc in CopyFiles */ = {isa = PBXBuildFile; fileRef = 556FA4521718AA7500A108E5 /* UnitTest.hc */; };
		556FA4561718AED200A108E5 /* LEOMsgCommandsGeneric.c in Sources */ = {isa = PBXBuildFile; fileRef = 556FA4541718AED100A108E5 /* LEOMsgCommandsGeneric.c */; };
		558A8D8512BD208600F514F4 /* CPushValueCommandNode.cpp in Sources */ = {isa = PBXBuildFile; fileRef = 558A8D8412BD208600F514F4 /* CPushValueCommandNode.cpp */; };
		558A8DC212BD2BBC00F514F4 /* CAssignCommandNode.cpp in Sources */ = {isa = PBXBuildFile; fileRef = 558A8DC012BD2BBC00F514F4 /* CAssignCommandNode.cpp */; };
		558A8EFE12BD6A4B00F514F4 /* CGetParamCommandNode.cpp in Sources */ = {isa = PBXBuildFile; fileRef = 558A8EFD12BD6A4B00F514F4 /* CGetParamCommandNode.cpp */; };
		55965D4C1EDA0C6F008A5BE3 /* testfile16_footer.hc in CopyFiles */ = {isa = PBXBuildFile; fileRef = 55965D4A1EDA0C63008A5BE3 /* testfile16_footer.hc */; };
		55965D4D1EDA0C6F008A5BE3 /* testfile16_header.hc in CopyFiles */ = {isa = PBXBuildFile; fileRef = 55965D4B1EDA0C63008A5BE3 /* testfile16_header.hc */; };
		55993B7E1347EBB3001624A2 /* CMakeChunkRefNode.cpp in Sources */ = {isa = PBXBuildFile; fileRef = 55993B7C1347EBB1001624A2 /* CMakeChunkRefNode.cpp */; };
		55993B821348F3AD001624A2 /* CMakeChunkConstNode.cpp in Sources */ = {isa = PBXBuildFile; fileRef = 55993B801348F3AA001624A2 /* CMakeChunkConstNode.cpp */; };
		559CCA171EDB1AF700E6D0CD /* fake_filesystem.cpp in Sources */ = {isa = PBXBuildFile; fileRef = 559CCA151EDB1AF700E6D0CD /* fake_filesystem.cpp */; };
		55A5855E12F369E1009550CD /* LEORemoteDebugger.c in Sources */ = {isa = PBXBuildFile; fileRef = 55A5855C12F369E1009550CD /* LEORemoteDebugger.c */; };
		55A793EC1EAFE490005C40D0 /* LEOPropertyInstructionsGeneric.c in Sources */ = {isa = PBXBuildFile; fileRef = 55A793EB1EAFE490005C40D0 /* LEOPropertyInstructionsGeneric.c */; };
		55A793EF1EAFFCD2005C40D0 /* LEOFileInstructionsGeneric.c in Sources */ = {isa = PBXBuildFile; fileRef = 55A793ED1EAFFCD2005C40D0 /* LEOFileInstructionsGeneric.c */; };
		55A793F11EB00554005C40D0 /* testfile15.hc in CopyFiles */ = {isa = PBXBuildFile; fileRef = 55A793F01EB003A9005C40D0 /* testfile15.hc */; };
		55AAC0581710A1BB008441AF /* LEOMsgInstructionsGeneric.cpp in Sources */ = {isa = PBXBuildFile; fileRef = 55AAC0561710A1BB008441AF /* LEOMsgInstructionsGeneric.cpp */; };
		55AAC05B1710ADAC008441AF /* UTF8UTF32Utilities.c in Sources */ = {isa = PBXBuildFile; fileRef = 55AAC0591710ADAB008441AF /* UTF8UTF32Utilities.c */; };
		55AAC0661710AEB1008441AF /* CChunkPropertyNodeTransformation.cpp in Sources */ = {isa = PBXBuildFile; fileRef = 55AAC05C1710AEAD008441AF /* CChunkPropertyNodeTransformation.cpp */; };
		55AAC0671710AEB1008441AF /* CConcatOperatorNodeTransformation.cpp in Sources */ = {isa = PBXBuildFile; fileRef = 55AAC05E1710AEAE008441AF /* CConcatOperatorNodeTransformation.cpp */; };
		55AAC0681710AEB1008441AF /* CConcatSpaceOperatorNodeTransformation.cpp in Sources */ = {isa = PBXBuildFile; fileRef = 55AAC0601710AEAE008441AF /* CConcatSpaceOperatorNodeTransformation.cpp */; };
		55AAC0691710AEB1008441AF /* CNodeTransformation.cpp in Sources */ = {isa = PBXBuildFile; fileRef = 55AAC0621710AEAF008441AF /* CNodeTransformation.cpp */; };
		55AAC06A1710AEB1008441AF /* COperatorNodeTransformation.cpp in Sources */ = {isa = PBXBuildFile; fileRef = 55AAC0641710AEB1008441AF /* COperatorNodeTransformation.cpp */; };
		55AAC0721710AF1D008441AF /* CMultiplyCommandNode.cpp in Sources */ = {isa = PBXBuildFile; fileRef = 55AAC06C1710AF1C008441AF /* CMultiplyCommandNode.cpp */; };
		55AAC0731710AF1D008441AF /* CDivideCommandNode.cpp in Sources */ = {isa = PBXBuildFile; fileRef = 55AAC06D1710AF1C008441AF /* CDivideCommandNode.cpp */; };
		55AAC0741710AF1D008441AF /* CSubtractCommandNode.cpp in Sources */ = {isa = PBXBuildFile; fileRef = 55AAC06E1710AF1C008441AF /* CSubtractCommandNode.cpp */; };
		55AAC0771710B10E008441AF /* CGetChunkPropertyNode.cpp in Sources */ = {isa = PBXBuildFile; fileRef = 55AAC0751710B10E008441AF /* CGetChunkPropertyNode.cpp */; };
		55AAC07A1710B1B1008441AF /* LEOPropertyInstructions.c in Sources */ = {isa = PBXBuildFile; fileRef = 55AAC0781710B1B1008441AF /* LEOPropertyInstructions.c */; };
		55AAC07D1710B1E6008441AF /* CDownloadCommandNode.cpp in Sources */ = {isa = PBXBuildFile; fileRef = 55AAC07B1710B1E5008441AF /* CDownloadCommandNode.cpp */; };
		55AAC0801710B21D008441AF /* LEODownloadInstructions.c in Sources */ = {isa = PBXBuildFile; fileRef = 55AAC07E1710B21C008441AF /* LEODownloadInstructions.c */; };
		55B24F600C189906001C7796 /* CVariableEntry.cpp in Sources */ = {isa = PBXBuildFile; fileRef = 55B24F5E0C189906001C7796 /* CVariableEntry.cpp */; };
		55BF651412D8A26300C2FDC3 /* CAssignChunkArrayNode.cpp in Sources */ = {isa = PBXBuildFile; fileRef = 55BF651212D8A26300C2FDC3 /* CAssignChunkArrayNode.cpp */; };
		55BF655412D91ACC00C2FDC3 /* CGetArrayItemCountNode.cpp in Sources */ = {isa = PBXBuildFile; fileRef = 55BF655212D91ACC00C2FDC3 /* CGetArrayItemCountNode.cpp */; };
		55BF655A12D91AEE00C2FDC3 /* CGetArrayItemNode.cpp in Sources */ = {isa = PBXBuildFile; fileRef = 55BF655812D91AEE00C2FDC3 /* CGetArrayItemNode.cpp */; };
		55C72BDE127DCEF400CF0F16 /* CCodeBlock.cpp in Sources */ = {isa = PBXBuildFile; fileRef = 55C72BDD127DCEF400CF0F16 /* CCodeBlock.cpp */; };
		55C72BF7127DD30B00CF0F16 /* LEOValue.c in Sources */ = {isa = PBXBuildFile; fileRef = 55C72BE9127DD30B00CF0F16 /* LEOValue.c */; };
		55C72BF8127DD30B00CF0F16 /* LEOInterpreter.c in Sources */ = {isa = PBXBuildFile; fileRef = 55C72BEB127DD30B00CF0F16 /* LEOInterpreter.c */; };
		55C72BFA127DD30B00CF0F16 /* LEOScript.c in Sources */ = {isa = PBXBuildFile; fileRef = 55C72BEF127DD30B00CF0F16 /* LEOScript.c */; };
		55C72BFB127DD30B00CF0F16 /* LEODebugger.c in Sources */ = {isa = PBXBuildFile; fileRef = 55C72BF1127DD30B00CF0F16 /* LEODebugger.c */; };
		55C72BFC127DD30B00CF0F16 /* LEOChunks.c in Sources */ = {isa = PBXBuildFile; fileRef = 55C72BF3127DD30B00CF0F16 /* LEOChunks.c */; };
		55C72BFD127DD30B00CF0F16 /* LEOContextGroup.c in Sources */ = {isa = PBXBuildFile; fileRef = 55C72BF5127DD30B00CF0F16 /* LEOContextGroup.c */; };
		55CD60E81876E972002450E2 /* testfile14.hc in CopyFiles */ = {isa = PBXBuildFile; fileRef = 55CD60E71876E952002450E2 /* testfile14.hc */; };
		55CD60EB1876F7C9002450E2 /* CParseErrorCommandNode.cpp in Sources */ = {isa = PBXBuildFile; fileRef = 55CD60E91876F7C9002450E2 /* CParseErrorCommandNode.cpp */; };
		55CFBE2812D3D156007B3627 /* CLineMarkerNode.cpp in Sources */ = {isa = PBXBuildFile; fileRef = 55CFBE2612D3D156007B3627 /* CLineMarkerNode.cpp */; };
		55D789E612BE937600C5D76E /* CReturnCommandNode.cpp in Sources */ = {isa = PBXBuildFile; fileRef = 55D789E512BE937600C5D76E /* CReturnCommandNode.cpp */; };
		55D78AEB12C27E7B00C5D76E /* CPutCommandNode.cpp in Sources */ = {isa = PBXBuildFile; fileRef = 55D78AE912C27E7B00C5D76E /* CPutCommandNode.cpp */; };
		55D78B1B12C2B23000C5D76E /* COperatorNode.cpp in Sources */ = {isa = PBXBuildFile; fileRef = 55D78B1912C2B23000C5D76E /* COperatorNode.cpp */; };
		55E805FC13662198006F1287 /* LEOInstructions.c in Sources */ = {isa = PBXBuildFile; fileRef = 55C72BED127DD30B00CF0F16 /* LEOInstructions.c */; };
		55E805FF1366237C006F1287 /* CGlobalPropertyNode.cpp in Sources */ = {isa = PBXBuildFile; fileRef = 55E805FD1366237C006F1287 /* CGlobalPropertyNode.cpp */; };
		55E8060213662396006F1287 /* CObjectPropertyNode.cpp in Sources */ = {isa = PBXBuildFile; fileRef = 55E8060013662395006F1287 /* CObjectPropertyNode.cpp */; };
		55E8060F136624D6006F1287 /* Forge.cpp in Sources */ = {isa = PBXBuildFile; fileRef = 55E8060D136624D6006F1287 /* Forge.cpp */; };
		55EEB2481EDB02D4003069DA /* LEOWebPageInstructionsGeneric.cpp in Sources */ = {isa = PBXBuildFile; fileRef = 55EEB2461EDB02D4003069DA /* LEOWebPageInstructionsGeneric.cpp */; };
		55FCEC0612C8DDCE00D76F6B /* CIfNode.cpp in Sources */ = {isa = PBXBuildFile; fileRef = 55FCEC0512C8DDCE00D76F6B /* CIfNode.cpp */; };
		55FCEE0912C95BE800D76F6B /* CAddCommandNode.cpp in Sources */ = {isa = PBXBuildFile; fileRef = 55FCEE0712C95BE800D76F6B /* CAddCommandNode.cpp */; };
		8DD76F650486A84900D96B5E /* main.cpp in Sources */ = {isa = PBXBuildFile; fileRef = 08FB7796FE84155DC02AAC07 /* main.cpp */; settings = {ATTRIBUTES = (); }; };
/* End PBXBuildFile section */

/* Begin PBXCopyFilesBuildPhase section */
		8DD76F690486A84900D96B5E /* CopyFiles */ = {
			isa = PBXCopyFilesBuildPhase;
			buildActionMask = 12;
			dstPath = "";
			dstSubfolderSpec = 16;
			files = (
				04E0A9730A8ECFDB006A9717 /* testfile.hc in CopyFiles */,
				3DB55B170AC89AE40073C115 /* testfile2.hc in CopyFiles */,
				3D473B7A0AD46C0B00B35697 /* testfile3.hc in CopyFiles */,
				3DCEC4460AD9998400092ABF /* testfile4.hc in CopyFiles */,
				3DB565560AF8F46500F04130 /* testfile5.hc in CopyFiles */,
				3D0E9CF50AFCFDE3004CE917 /* testfile6.hc in CopyFiles */,
				3D4E23AB0D99301000CDC3BC /* testfile7.hc in CopyFiles */,
				5523FE9413426059009D8EF1 /* testfile8.hc in CopyFiles */,
				5523FE961342605B009D8EF1 /* testfile9.hc in CopyFiles */,
				5523FE9A13426074009D8EF1 /* testfile10.hc in CopyFiles */,
				5523FE9813426067009D8EF1 /* testfile11.hc in CopyFiles */,
				5523FE991342606B009D8EF1 /* testfile12.hc in CopyFiles */,
				554DC30D1863670C00B514E3 /* testfile13.hc in CopyFiles */,
				55CD60E81876E972002450E2 /* testfile14.hc in CopyFiles */,
				55A793F11EB00554005C40D0 /* testfile15.hc in CopyFiles */,
				5559CEFD1EB654E000815DD9 /* testfile16.hc in CopyFiles */,
				55965D4C1EDA0C6F008A5BE3 /* testfile16_footer.hc in CopyFiles */,
				55965D4D1EDA0C6F008A5BE3 /* testfile16_header.hc in CopyFiles */,
				556FA4531718AAA600A108E5 /* UnitTest.hc in CopyFiles */,
			);
			runOnlyForDeploymentPostprocessing = 0;
		};
/* End PBXCopyFilesBuildPhase section */

/* Begin PBXFileReference section */
		049E88280A8FB6EE0072DD07 /* Foundation.framework */ = {isa = PBXFileReference; lastKnownFileType = wrapper.framework; name = Foundation.framework; path = /System/Library/Frameworks/Foundation.framework; sourceTree = "<absolute>"; };
		04E0A9720A8ECFDB006A9717 /* testfile.hc */ = {isa = PBXFileReference; fileEncoding = 4; lastKnownFileType = text; path = testfile.hc; sourceTree = "<group>"; };
		08FB7796FE84155DC02AAC07 /* main.cpp */ = {isa = PBXFileReference; fileEncoding = 4; lastKnownFileType = sourcecode.cpp.cpp; path = main.cpp; sourceTree = "<group>"; };
		3D0E9CF40AFCFDE3004CE917 /* testfile6.hc */ = {isa = PBXFileReference; fileEncoding = 30; lastKnownFileType = text; path = testfile6.hc; sourceTree = "<group>"; };
		3D1F6C410A81496B00BF477D /* USAGE.txt */ = {isa = PBXFileReference; fileEncoding = 4; lastKnownFileType = text; path = USAGE.txt; sourceTree = "<group>"; };
		3D473B790AD46C0B00B35697 /* testfile3.hc */ = {isa = PBXFileReference; fileEncoding = 30; lastKnownFileType = text; path = testfile3.hc; sourceTree = "<group>"; };
		3D4E23A80D992FE000CDC3BC /* testfile7.hc */ = {isa = PBXFileReference; fileEncoding = 4; lastKnownFileType = text; path = testfile7.hc; sourceTree = "<group>"; };
		3D7298310A7BC89C0065F0AC /* CToken.cpp */ = {isa = PBXFileReference; fileEncoding = 4; lastKnownFileType = sourcecode.cpp.cpp; path = CToken.cpp; sourceTree = "<group>"; };
		3D7298320A7BC89C0065F0AC /* CToken.h */ = {isa = PBXFileReference; fileEncoding = 30; lastKnownFileType = sourcecode.c.h; path = CToken.h; sourceTree = "<group>"; };
		3D7298560A7BC9990065F0AC /* CParser.h */ = {isa = PBXFileReference; fileEncoding = 4; lastKnownFileType = sourcecode.c.h; path = CParser.h; sourceTree = "<group>"; };
		3D7298570A7BC9990065F0AC /* CParser.cpp */ = {isa = PBXFileReference; fileEncoding = 4; lastKnownFileType = sourcecode.cpp.cpp; path = CParser.cpp; sourceTree = "<group>"; };
		3D894ED80B2386B900D4F1D2 /* Cocoa.framework */ = {isa = PBXFileReference; lastKnownFileType = wrapper.framework; name = Cocoa.framework; path = /System/Library/Frameworks/Cocoa.framework; sourceTree = "<absolute>"; };
		3D897FB70BFC7FB9009FF852 /* CCodeBlockNode.h */ = {isa = PBXFileReference; fileEncoding = 30; lastKnownFileType = sourcecode.c.h; path = CCodeBlockNode.h; sourceTree = "<group>"; };
		3D897FB80BFC7FB9009FF852 /* CCodeBlockNode.cpp */ = {isa = PBXFileReference; fileEncoding = 30; lastKnownFileType = sourcecode.cpp.cpp; path = CCodeBlockNode.cpp; sourceTree = "<group>"; };
		3D9B7DA90ABC1E7700767710 /* Carbon.framework */ = {isa = PBXFileReference; lastKnownFileType = wrapper.framework; name = Carbon.framework; path = /System/Library/Frameworks/Carbon.framework; sourceTree = "<absolute>"; };
		3DAE6D270BF2992200946F2F /* CCommandNode.h */ = {isa = PBXFileReference; fileEncoding = 4; lastKnownFileType = sourcecode.c.h; path = CCommandNode.h; sourceTree = "<group>"; };
		3DAE6D280BF2992200946F2F /* CCommandNode.cpp */ = {isa = PBXFileReference; fileEncoding = 4; lastKnownFileType = sourcecode.cpp.cpp; path = CCommandNode.cpp; sourceTree = "<group>"; };
		3DAE6D3F0BF3ADDA00946F2F /* CValueNode.h */ = {isa = PBXFileReference; fileEncoding = 4; lastKnownFileType = sourcecode.c.h; path = CValueNode.h; sourceTree = "<group>"; };
		3DAE6D400BF3ADDA00946F2F /* CValueNode.cpp */ = {isa = PBXFileReference; fileEncoding = 4; lastKnownFileType = sourcecode.cpp.cpp; path = CValueNode.cpp; sourceTree = "<group>"; };
		3DAE6D470BF3B58A00946F2F /* CNode.h */ = {isa = PBXFileReference; fileEncoding = 4; lastKnownFileType = sourcecode.c.h; path = CNode.h; sourceTree = "<group>"; };
		3DAE6D480BF3B58A00946F2F /* CNode.cpp */ = {isa = PBXFileReference; fileEncoding = 4; lastKnownFileType = sourcecode.cpp.cpp; path = CNode.cpp; sourceTree = "<group>"; };
		3DAE6D570BF3B67500946F2F /* CFunctionDefinitionNode.h */ = {isa = PBXFileReference; fileEncoding = 4; lastKnownFileType = sourcecode.c.h; path = CFunctionDefinitionNode.h; sourceTree = "<group>"; };
		3DAE6D580BF3B67500946F2F /* CFunctionDefinitionNode.cpp */ = {isa = PBXFileReference; fileEncoding = 4; lastKnownFileType = sourcecode.cpp.cpp; path = CFunctionDefinitionNode.cpp; sourceTree = "<group>"; };
		3DAE6D710BF3B90500946F2F /* CParseTree.h */ = {isa = PBXFileReference; fileEncoding = 4; lastKnownFileType = sourcecode.c.h; path = CParseTree.h; sourceTree = "<group>"; };
		3DAE6D720BF3B90500946F2F /* CParseTree.cpp */ = {isa = PBXFileReference; fileEncoding = 4; lastKnownFileType = sourcecode.cpp.cpp; path = CParseTree.cpp; sourceTree = "<group>"; };
		3DB55B160AC89AE40073C115 /* testfile2.hc */ = {isa = PBXFileReference; fileEncoding = 4; lastKnownFileType = text; path = testfile2.hc; sourceTree = "<group>"; };
		3DB565550AF8F46500F04130 /* testfile5.hc */ = {isa = PBXFileReference; fileEncoding = 30; lastKnownFileType = text; path = testfile5.hc; sourceTree = "<group>"; };
		3DC0F1640BF5D4F700C641C2 /* CFunctionCallNode.h */ = {isa = PBXFileReference; fileEncoding = 4; lastKnownFileType = sourcecode.c.h; path = CFunctionCallNode.h; sourceTree = "<group>"; };
		3DC0F1650BF5D4F700C641C2 /* CFunctionCallNode.cpp */ = {isa = PBXFileReference; fileEncoding = 4; lastKnownFileType = sourcecode.cpp.cpp; path = CFunctionCallNode.cpp; sourceTree = "<group>"; };
		3DC80A9B0BFF8D8B002CA7FF /* CWhileLoopNode.h */ = {isa = PBXFileReference; fileEncoding = 4; lastKnownFileType = sourcecode.c.h; path = CWhileLoopNode.h; sourceTree = "<group>"; };
		3DC80A9C0BFF8D8B002CA7FF /* CWhileLoopNode.cpp */ = {isa = PBXFileReference; fileEncoding = 4; lastKnownFileType = sourcecode.cpp.cpp; path = CWhileLoopNode.cpp; sourceTree = "<group>"; };
		3DCEC4450AD9998400092ABF /* testfile4.hc */ = {isa = PBXFileReference; fileEncoding = 4; lastKnownFileType = text; path = testfile4.hc; sourceTree = "<group>"; };
		3DF446040A9A644900516045 /* AddressBook.framework */ = {isa = PBXFileReference; lastKnownFileType = wrapper.framework; name = AddressBook.framework; path = /System/Library/Frameworks/AddressBook.framework; sourceTree = "<absolute>"; };
		551E0E081CD2C294008B80E1 /* LEOStringUtilities.c */ = {isa = PBXFileReference; fileEncoding = 4; lastKnownFileType = sourcecode.c.c; name = LEOStringUtilities.c; path = Leonie/common/LEOStringUtilities.c; sourceTree = "<group>"; };
		551E0E0A1CD2C29C008B80E1 /* LEOStringUtilities.h */ = {isa = PBXFileReference; lastKnownFileType = sourcecode.c.h; name = LEOStringUtilities.h; path = Leonie/common/LEOStringUtilities.h; sourceTree = "<group>"; };
		55256831127CD571000D8325 /* UTF32CaseTables.h */ = {isa = PBXFileReference; fileEncoding = 4; lastKnownFileType = sourcecode.c.h; name = UTF32CaseTables.h; path = Leonie/generic/UTF32CaseTables.h; sourceTree = "<group>"; };
		5538246417274659007785D8 /* LEOObjCCallInstructions.c */ = {isa = PBXFileReference; fileEncoding = 4; lastKnownFileType = sourcecode.c.c; name = LEOObjCCallInstructions.c; path = Leonie/generic/LEOObjCCallInstructions.c; sourceTree = "<group>"; };
		5538246517274659007785D8 /* LEOObjCCallInstructions.h */ = {isa = PBXFileReference; fileEncoding = 4; lastKnownFileType = sourcecode.c.h; name = LEOObjCCallInstructions.h; path = Leonie/generic/LEOObjCCallInstructions.h; sourceTree = "<group>"; };
		554DC30C186366F100B514E3 /* testfile13.hc */ = {isa = PBXFileReference; lastKnownFileType = text; path = testfile13.hc; sourceTree = "<group>"; };
		554DC315186390FE00B514E3 /* CForgeExceptions.cpp */ = {isa = PBXFileReference; fileEncoding = 4; lastKnownFileType = sourcecode.cpp.cpp; path = CForgeExceptions.cpp; sourceTree = "<group>"; };
		554DC316186390FE00B514E3 /* CForgeExceptions.h */ = {isa = PBXFileReference; fileEncoding = 4; lastKnownFileType = sourcecode.c.h; path = CForgeExceptions.h; sourceTree = "<group>"; };
		5559CEFC1EB6548A00815DD9 /* testfile16.hc */ = {isa = PBXFileReference; fileEncoding = 4; lastKnownFileType = text; path = testfile16.hc; sourceTree = "<group>"; };
		556FA4521718AA7500A108E5 /* UnitTest.hc */ = {isa = PBXFileReference; fileEncoding = 4; lastKnownFileType = text; path = UnitTest.hc; sourceTree = "<group>"; };
		556FA4541718AED100A108E5 /* LEOMsgCommandsGeneric.c */ = {isa = PBXFileReference; fileEncoding = 4; lastKnownFileType = sourcecode.c.c; path = LEOMsgCommandsGeneric.c; sourceTree = "<group>"; };
		556FA4551718AED200A108E5 /* LEOMsgCommandsGeneric.h */ = {isa = PBXFileReference; fileEncoding = 4; lastKnownFileType = sourcecode.c.h; path = LEOMsgCommandsGeneric.h; sourceTree = "<group>"; };
		558A8D1512BD10C800F514F4 /* testfile8.hc */ = {isa = PBXFileReference; fileEncoding = 4; lastKnownFileType = text; path = testfile8.hc; sourceTree = "<group>"; };
		558A8D8312BD208600F514F4 /* CPushValueCommandNode.h */ = {isa = PBXFileReference; fileEncoding = 4; lastKnownFileType = sourcecode.c.h; path = CPushValueCommandNode.h; sourceTree = "<group>"; };
		558A8D8412BD208600F514F4 /* CPushValueCommandNode.cpp */ = {isa = PBXFileReference; fileEncoding = 4; lastKnownFileType = sourcecode.cpp.cpp; path = CPushValueCommandNode.cpp; sourceTree = "<group>"; };
		558A8DC012BD2BBC00F514F4 /* CAssignCommandNode.cpp */ = {isa = PBXFileReference; fileEncoding = 4; lastKnownFileType = sourcecode.cpp.cpp; path = CAssignCommandNode.cpp; sourceTree = "<group>"; };
		558A8DC112BD2BBC00F514F4 /* CAssignCommandNode.h */ = {isa = PBXFileReference; fileEncoding = 4; lastKnownFileType = sourcecode.c.h; path = CAssignCommandNode.h; sourceTree = "<group>"; };
		558A8EFC12BD6A4B00F514F4 /* CGetParamCommandNode.h */ = {isa = PBXFileReference; fileEncoding = 4; lastKnownFileType = sourcecode.c.h; path = CGetParamCommandNode.h; sourceTree = "<group>"; };
		558A8EFD12BD6A4B00F514F4 /* CGetParamCommandNode.cpp */ = {isa = PBXFileReference; fileEncoding = 4; lastKnownFileType = sourcecode.cpp.cpp; path = CGetParamCommandNode.cpp; sourceTree = "<group>"; };
		55965D4A1EDA0C63008A5BE3 /* testfile16_footer.hc */ = {isa = PBXFileReference; lastKnownFileType = text; path = testfile16_footer.hc; sourceTree = "<group>"; };
		55965D4B1EDA0C63008A5BE3 /* testfile16_header.hc */ = {isa = PBXFileReference; lastKnownFileType = text; path = testfile16_header.hc; sourceTree = "<group>"; };
		55993B7C1347EBB1001624A2 /* CMakeChunkRefNode.cpp */ = {isa = PBXFileReference; fileEncoding = 4; lastKnownFileType = sourcecode.cpp.cpp; path = CMakeChunkRefNode.cpp; sourceTree = "<group>"; };
		55993B7D1347EBB2001624A2 /* CMakeChunkRefNode.h */ = {isa = PBXFileReference; fileEncoding = 4; lastKnownFileType = sourcecode.c.h; path = CMakeChunkRefNode.h; sourceTree = "<group>"; };
		55993B801348F3AA001624A2 /* CMakeChunkConstNode.cpp */ = {isa = PBXFileReference; fileEncoding = 4; lastKnownFileType = sourcecode.cpp.cpp; path = CMakeChunkConstNode.cpp; sourceTree = "<group>"; };
		55993B811348F3AB001624A2 /* CMakeChunkConstNode.h */ = {isa = PBXFileReference; fileEncoding = 4; lastKnownFileType = sourcecode.c.h; path = CMakeChunkConstNode.h; sourceTree = "<group>"; };
		559CCA141EDB168200E6D0CD /* LEOUserData.h */ = {isa = PBXFileReference; lastKnownFileType = sourcecode.c.h; name = LEOUserData.h; path = Leonie/common/LEOUserData.h; sourceTree = "<group>"; };
		559CCA151EDB1AF700E6D0CD /* fake_filesystem.cpp */ = {isa = PBXFileReference; fileEncoding = 4; lastKnownFileType = sourcecode.cpp.cpp; path = fake_filesystem.cpp; sourceTree = "<group>"; };
		559CCA161EDB1AF700E6D0CD /* fake_filesystem.hpp */ = {isa = PBXFileReference; fileEncoding = 4; lastKnownFileType = sourcecode.cpp.h; path = fake_filesystem.hpp; sourceTree = "<group>"; };
		55A5855C12F369E1009550CD /* LEORemoteDebugger.c */ = {isa = PBXFileReference; fileEncoding = 4; lastKnownFileType = sourcecode.c.c; name = LEORemoteDebugger.c; path = Leonie/macosx/LEORemoteDebugger.c; sourceTree = "<group>"; };
		55A5855D12F369E1009550CD /* LEORemoteDebugger.h */ = {isa = PBXFileReference; fileEncoding = 4; lastKnownFileType = sourcecode.c.h; name = LEORemoteDebugger.h; path = Leonie/macosx/LEORemoteDebugger.h; sourceTree = "<group>"; };
		55A793EB1EAFE490005C40D0 /* LEOPropertyInstructionsGeneric.c */ = {isa = PBXFileReference; fileEncoding = 4; lastKnownFileType = sourcecode.c.c; path = LEOPropertyInstructionsGeneric.c; sourceTree = "<group>"; };
		55A793ED1EAFFCD2005C40D0 /* LEOFileInstructionsGeneric.c */ = {isa = PBXFileReference; fileEncoding = 4; lastKnownFileType = sourcecode.c.c; name = LEOFileInstructionsGeneric.c; path = Leonie/generic/LEOFileInstructionsGeneric.c; sourceTree = "<group>"; };
		55A793EE1EAFFCD2005C40D0 /* LEOFileInstructionsGeneric.h */ = {isa = PBXFileReference; fileEncoding = 4; lastKnownFileType = sourcecode.c.h; name = LEOFileInstructionsGeneric.h; path = Leonie/generic/LEOFileInstructionsGeneric.h; sourceTree = "<group>"; };
		55A793F01EB003A9005C40D0 /* testfile15.hc */ = {isa = PBXFileReference; lastKnownFileType = text; path = testfile15.hc; sourceTree = "<group>"; };
		55AAC0561710A1BB008441AF /* LEOMsgInstructionsGeneric.cpp */ = {isa = PBXFileReference; fileEncoding = 4; lastKnownFileType = sourcecode.cpp.cpp; name = LEOMsgInstructionsGeneric.cpp; path = Leonie/generic/LEOMsgInstructionsGeneric.cpp; sourceTree = "<group>"; };
		55AAC0571710A1BB008441AF /* LEOMsgInstructionsGeneric.h */ = {isa = PBXFileReference; fileEncoding = 4; lastKnownFileType = sourcecode.c.h; name = LEOMsgInstructionsGeneric.h; path = Leonie/generic/LEOMsgInstructionsGeneric.h; sourceTree = "<group>"; };
		55AAC0591710ADAB008441AF /* UTF8UTF32Utilities.c */ = {isa = PBXFileReference; fileEncoding = 4; lastKnownFileType = sourcecode.c.c; name = UTF8UTF32Utilities.c; path = Leonie/generic/UTF8UTF32Utilities.c; sourceTree = "<group>"; };
		55AAC05A1710ADAB008441AF /* UTF8UTF32Utilities.h */ = {isa = PBXFileReference; fileEncoding = 4; lastKnownFileType = sourcecode.c.h; name = UTF8UTF32Utilities.h; path = Leonie/generic/UTF8UTF32Utilities.h; sourceTree = "<group>"; };
		55AAC05C1710AEAD008441AF /* CChunkPropertyNodeTransformation.cpp */ = {isa = PBXFileReference; fileEncoding = 4; lastKnownFileType = sourcecode.cpp.cpp; path = CChunkPropertyNodeTransformation.cpp; sourceTree = "<group>"; };
		55AAC05D1710AEAD008441AF /* CChunkPropertyNodeTransformation.h */ = {isa = PBXFileReference; fileEncoding = 4; lastKnownFileType = sourcecode.c.h; path = CChunkPropertyNodeTransformation.h; sourceTree = "<group>"; };
		55AAC05E1710AEAE008441AF /* CConcatOperatorNodeTransformation.cpp */ = {isa = PBXFileReference; fileEncoding = 4; lastKnownFileType = sourcecode.cpp.cpp; path = CConcatOperatorNodeTransformation.cpp; sourceTree = "<group>"; };
		55AAC05F1710AEAE008441AF /* CConcatOperatorNodeTransformation.h */ = {isa = PBXFileReference; fileEncoding = 4; lastKnownFileType = sourcecode.c.h; path = CConcatOperatorNodeTransformation.h; sourceTree = "<group>"; };
		55AAC0601710AEAE008441AF /* CConcatSpaceOperatorNodeTransformation.cpp */ = {isa = PBXFileReference; fileEncoding = 4; lastKnownFileType = sourcecode.cpp.cpp; path = CConcatSpaceOperatorNodeTransformation.cpp; sourceTree = "<group>"; };
		55AAC0611710AEAF008441AF /* CConcatSpaceOperatorNodeTransformation.h */ = {isa = PBXFileReference; fileEncoding = 4; lastKnownFileType = sourcecode.c.h; path = CConcatSpaceOperatorNodeTransformation.h; sourceTree = "<group>"; };
		55AAC0621710AEAF008441AF /* CNodeTransformation.cpp */ = {isa = PBXFileReference; fileEncoding = 4; lastKnownFileType = sourcecode.cpp.cpp; path = CNodeTransformation.cpp; sourceTree = "<group>"; };
		55AAC0631710AEAF008441AF /* CNodeTransformation.h */ = {isa = PBXFileReference; fileEncoding = 4; lastKnownFileType = sourcecode.c.h; path = CNodeTransformation.h; sourceTree = "<group>"; };
		55AAC0641710AEB1008441AF /* COperatorNodeTransformation.cpp */ = {isa = PBXFileReference; fileEncoding = 4; lastKnownFileType = sourcecode.cpp.cpp; path = COperatorNodeTransformation.cpp; sourceTree = "<group>"; };
		55AAC0651710AEB1008441AF /* COperatorNodeTransformation.h */ = {isa = PBXFileReference; fileEncoding = 4; lastKnownFileType = sourcecode.c.h; path = COperatorNodeTransformation.h; sourceTree = "<group>"; };
		55AAC06C1710AF1C008441AF /* CMultiplyCommandNode.cpp */ = {isa = PBXFileReference; fileEncoding = 4; lastKnownFileType = sourcecode.cpp.cpp; path = CMultiplyCommandNode.cpp; sourceTree = "<group>"; };
		55AAC06D1710AF1C008441AF /* CDivideCommandNode.cpp */ = {isa = PBXFileReference; fileEncoding = 4; lastKnownFileType = sourcecode.cpp.cpp; path = CDivideCommandNode.cpp; sourceTree = "<group>"; };
		55AAC06E1710AF1C008441AF /* CSubtractCommandNode.cpp */ = {isa = PBXFileReference; fileEncoding = 4; lastKnownFileType = sourcecode.cpp.cpp; path = CSubtractCommandNode.cpp; sourceTree = "<group>"; };
		55AAC06F1710AF1C008441AF /* CMultiplyCommandNode.h */ = {isa = PBXFileReference; fileEncoding = 4; lastKnownFileType = sourcecode.c.h; path = CMultiplyCommandNode.h; sourceTree = "<group>"; };
		55AAC0701710AF1D008441AF /* CDivideCommandNode.h */ = {isa = PBXFileReference; fileEncoding = 4; lastKnownFileType = sourcecode.c.h; path = CDivideCommandNode.h; sourceTree = "<group>"; };
		55AAC0711710AF1D008441AF /* CSubtractCommandNode.h */ = {isa = PBXFileReference; fileEncoding = 4; lastKnownFileType = sourcecode.c.h; path = CSubtractCommandNode.h; sourceTree = "<group>"; };
		55AAC0751710B10E008441AF /* CGetChunkPropertyNode.cpp */ = {isa = PBXFileReference; fileEncoding = 4; lastKnownFileType = sourcecode.cpp.cpp; path = CGetChunkPropertyNode.cpp; sourceTree = "<group>"; };
		55AAC0761710B10E008441AF /* CGetChunkPropertyNode.h */ = {isa = PBXFileReference; fileEncoding = 4; lastKnownFileType = sourcecode.c.h; path = CGetChunkPropertyNode.h; sourceTree = "<group>"; };
		55AAC0781710B1B1008441AF /* LEOPropertyInstructions.c */ = {isa = PBXFileReference; fileEncoding = 4; lastKnownFileType = sourcecode.c.c; name = LEOPropertyInstructions.c; path = Leonie/generic/LEOPropertyInstructions.c; sourceTree = "<group>"; };
		55AAC0791710B1B1008441AF /* LEOPropertyInstructions.h */ = {isa = PBXFileReference; fileEncoding = 4; lastKnownFileType = sourcecode.c.h; name = LEOPropertyInstructions.h; path = Leonie/generic/LEOPropertyInstructions.h; sourceTree = "<group>"; };
		55AAC07B1710B1E5008441AF /* CDownloadCommandNode.cpp */ = {isa = PBXFileReference; fileEncoding = 4; lastKnownFileType = sourcecode.cpp.cpp; path = CDownloadCommandNode.cpp; sourceTree = "<group>"; };
		55AAC07C1710B1E6008441AF /* CDownloadCommandNode.h */ = {isa = PBXFileReference; fileEncoding = 4; lastKnownFileType = sourcecode.c.h; path = CDownloadCommandNode.h; sourceTree = "<group>"; };
		55AAC07E1710B21C008441AF /* LEODownloadInstructions.c */ = {isa = PBXFileReference; fileEncoding = 4; lastKnownFileType = sourcecode.c.c; name = LEODownloadInstructions.c; path = Leonie/generic/LEODownloadInstructions.c; sourceTree = "<group>"; };
		55AAC07F1710B21D008441AF /* LEODownloadInstructions.h */ = {isa = PBXFileReference; fileEncoding = 4; lastKnownFileType = sourcecode.c.h; name = LEODownloadInstructions.h; path = Leonie/generic/LEODownloadInstructions.h; sourceTree = "<group>"; };
		55B24F5D0C189906001C7796 /* CVariableEntry.h */ = {isa = PBXFileReference; fileEncoding = 4; lastKnownFileType = sourcecode.c.h; path = CVariableEntry.h; sourceTree = "<group>"; };
		55B24F5E0C189906001C7796 /* CVariableEntry.cpp */ = {isa = PBXFileReference; fileEncoding = 4; lastKnownFileType = sourcecode.cpp.cpp; path = CVariableEntry.cpp; sourceTree = "<group>"; };
		55BF651212D8A26300C2FDC3 /* CAssignChunkArrayNode.cpp */ = {isa = PBXFileReference; fileEncoding = 4; lastKnownFileType = sourcecode.cpp.cpp; path = CAssignChunkArrayNode.cpp; sourceTree = "<group>"; };
		55BF651312D8A26300C2FDC3 /* CAssignChunkArrayNode.h */ = {isa = PBXFileReference; fileEncoding = 4; lastKnownFileType = sourcecode.c.h; path = CAssignChunkArrayNode.h; sourceTree = "<group>"; };
		55BF655212D91ACC00C2FDC3 /* CGetArrayItemCountNode.cpp */ = {isa = PBXFileReference; fileEncoding = 4; lastKnownFileType = sourcecode.cpp.cpp; path = CGetArrayItemCountNode.cpp; sourceTree = "<group>"; };
		55BF655312D91ACC00C2FDC3 /* CGetArrayItemCountNode.h */ = {isa = PBXFileReference; fileEncoding = 4; lastKnownFileType = sourcecode.c.h; path = CGetArrayItemCountNode.h; sourceTree = "<group>"; };
		55BF655812D91AEE00C2FDC3 /* CGetArrayItemNode.cpp */ = {isa = PBXFileReference; fileEncoding = 4; lastKnownFileType = sourcecode.cpp.cpp; path = CGetArrayItemNode.cpp; sourceTree = "<group>"; };
		55BF655912D91AEE00C2FDC3 /* CGetArrayItemNode.h */ = {isa = PBXFileReference; fileEncoding = 4; lastKnownFileType = sourcecode.c.h; path = CGetArrayItemNode.h; sourceTree = "<group>"; };
		55BF65DC12D936C000C2FDC3 /* testfile12.hc */ = {isa = PBXFileReference; fileEncoding = 4; lastKnownFileType = text; path = testfile12.hc; sourceTree = "<group>"; };
		55C72BDC127DCEF400CF0F16 /* CCodeBlock.h */ = {isa = PBXFileReference; fileEncoding = 4; lastKnownFileType = sourcecode.c.h; path = CCodeBlock.h; sourceTree = "<group>"; };
		55C72BDD127DCEF400CF0F16 /* CCodeBlock.cpp */ = {isa = PBXFileReference; fileEncoding = 4; lastKnownFileType = sourcecode.cpp.cpp; path = CCodeBlock.cpp; sourceTree = "<group>"; };
		55C72BE8127DD30B00CF0F16 /* LEOValue.h */ = {isa = PBXFileReference; fileEncoding = 4; lastKnownFileType = sourcecode.c.h; name = LEOValue.h; path = Leonie/common/LEOValue.h; sourceTree = SOURCE_ROOT; };
		55C72BE9127DD30B00CF0F16 /* LEOValue.c */ = {isa = PBXFileReference; fileEncoding = 4; lastKnownFileType = sourcecode.c.c; name = LEOValue.c; path = Leonie/common/LEOValue.c; sourceTree = SOURCE_ROOT; };
		55C72BEA127DD30B00CF0F16 /* LEOInterpreter.h */ = {isa = PBXFileReference; fileEncoding = 4; lastKnownFileType = sourcecode.c.h; name = LEOInterpreter.h; path = Leonie/common/LEOInterpreter.h; sourceTree = SOURCE_ROOT; };
		55C72BEB127DD30B00CF0F16 /* LEOInterpreter.c */ = {isa = PBXFileReference; fileEncoding = 4; lastKnownFileType = sourcecode.c.c; name = LEOInterpreter.c; path = Leonie/common/LEOInterpreter.c; sourceTree = SOURCE_ROOT; };
		55C72BEC127DD30B00CF0F16 /* LEOInstructions.h */ = {isa = PBXFileReference; fileEncoding = 4; lastKnownFileType = sourcecode.c.h; name = LEOInstructions.h; path = Leonie/common/LEOInstructions.h; sourceTree = SOURCE_ROOT; };
		55C72BED127DD30B00CF0F16 /* LEOInstructions.c */ = {isa = PBXFileReference; fileEncoding = 4; lastKnownFileType = sourcecode.c.c; name = LEOInstructions.c; path = Leonie/common/LEOInstructions.c; sourceTree = SOURCE_ROOT; };
		55C72BEE127DD30B00CF0F16 /* LEOScript.h */ = {isa = PBXFileReference; fileEncoding = 4; lastKnownFileType = sourcecode.c.h; name = LEOScript.h; path = Leonie/common/LEOScript.h; sourceTree = SOURCE_ROOT; };
		55C72BEF127DD30B00CF0F16 /* LEOScript.c */ = {isa = PBXFileReference; fileEncoding = 4; lastKnownFileType = sourcecode.c.c; name = LEOScript.c; path = Leonie/common/LEOScript.c; sourceTree = SOURCE_ROOT; };
		55C72BF0127DD30B00CF0F16 /* LEODebugger.h */ = {isa = PBXFileReference; fileEncoding = 4; lastKnownFileType = sourcecode.c.h; name = LEODebugger.h; path = Leonie/common/LEODebugger.h; sourceTree = SOURCE_ROOT; };
		55C72BF1127DD30B00CF0F16 /* LEODebugger.c */ = {isa = PBXFileReference; fileEncoding = 4; lastKnownFileType = sourcecode.c.c; name = LEODebugger.c; path = Leonie/common/LEODebugger.c; sourceTree = SOURCE_ROOT; };
		55C72BF2127DD30B00CF0F16 /* LEOChunks.h */ = {isa = PBXFileReference; fileEncoding = 4; lastKnownFileType = sourcecode.c.h; name = LEOChunks.h; path = Leonie/common/LEOChunks.h; sourceTree = SOURCE_ROOT; };
		55C72BF3127DD30B00CF0F16 /* LEOChunks.c */ = {isa = PBXFileReference; fileEncoding = 4; lastKnownFileType = sourcecode.c.c; name = LEOChunks.c; path = Leonie/common/LEOChunks.c; sourceTree = SOURCE_ROOT; };
		55C72BF4127DD30B00CF0F16 /* LEOContextGroup.h */ = {isa = PBXFileReference; fileEncoding = 4; lastKnownFileType = sourcecode.c.h; name = LEOContextGroup.h; path = Leonie/common/LEOContextGroup.h; sourceTree = SOURCE_ROOT; };
		55C72BF5127DD30B00CF0F16 /* LEOContextGroup.c */ = {isa = PBXFileReference; fileEncoding = 4; lastKnownFileType = sourcecode.c.c; name = LEOContextGroup.c; path = Leonie/common/LEOContextGroup.c; sourceTree = SOURCE_ROOT; };
		55C72BF6127DD30B00CF0F16 /* LEOHandlerID.h */ = {isa = PBXFileReference; fileEncoding = 4; lastKnownFileType = sourcecode.c.h; name = LEOHandlerID.h; path = Leonie/common/LEOHandlerID.h; sourceTree = SOURCE_ROOT; };
		55CD60E71876E952002450E2 /* testfile14.hc */ = {isa = PBXFileReference; lastKnownFileType = text; path = testfile14.hc; sourceTree = "<group>"; };
		55CD60E91876F7C9002450E2 /* CParseErrorCommandNode.cpp */ = {isa = PBXFileReference; fileEncoding = 4; lastKnownFileType = sourcecode.cpp.cpp; path = CParseErrorCommandNode.cpp; sourceTree = "<group>"; };
		55CD60EA1876F7C9002450E2 /* CParseErrorCommandNode.h */ = {isa = PBXFileReference; fileEncoding = 4; lastKnownFileType = sourcecode.c.h; path = CParseErrorCommandNode.h; sourceTree = "<group>"; };
		55CFBE2612D3D156007B3627 /* CLineMarkerNode.cpp */ = {isa = PBXFileReference; fileEncoding = 4; lastKnownFileType = sourcecode.cpp.cpp; path = CLineMarkerNode.cpp; sourceTree = "<group>"; };
		55CFBE2712D3D156007B3627 /* CLineMarkerNode.h */ = {isa = PBXFileReference; fileEncoding = 4; lastKnownFileType = sourcecode.c.h; path = CLineMarkerNode.h; sourceTree = "<group>"; };
		55D789E412BE937600C5D76E /* CReturnCommandNode.h */ = {isa = PBXFileReference; fileEncoding = 4; lastKnownFileType = sourcecode.c.h; path = CReturnCommandNode.h; sourceTree = "<group>"; };
		55D789E512BE937600C5D76E /* CReturnCommandNode.cpp */ = {isa = PBXFileReference; fileEncoding = 4; lastKnownFileType = sourcecode.cpp.cpp; path = CReturnCommandNode.cpp; sourceTree = "<group>"; };
		55D78A0712BE9E1F00C5D76E /* testfile9.hc */ = {isa = PBXFileReference; fileEncoding = 4; lastKnownFileType = text; path = testfile9.hc; sourceTree = "<group>"; };
		55D78AE912C27E7B00C5D76E /* CPutCommandNode.cpp */ = {isa = PBXFileReference; fileEncoding = 4; lastKnownFileType = sourcecode.cpp.cpp; path = CPutCommandNode.cpp; sourceTree = "<group>"; };
		55D78AEA12C27E7B00C5D76E /* CPutCommandNode.h */ = {isa = PBXFileReference; fileEncoding = 4; lastKnownFileType = sourcecode.c.h; path = CPutCommandNode.h; sourceTree = "<group>"; };
		55D78B1912C2B23000C5D76E /* COperatorNode.cpp */ = {isa = PBXFileReference; fileEncoding = 4; lastKnownFileType = sourcecode.cpp.cpp; path = COperatorNode.cpp; sourceTree = "<group>"; };
		55D78B1A12C2B23000C5D76E /* COperatorNode.h */ = {isa = PBXFileReference; fileEncoding = 4; lastKnownFileType = sourcecode.c.h; path = COperatorNode.h; sourceTree = "<group>"; };
		55E805FD1366237C006F1287 /* CGlobalPropertyNode.cpp */ = {isa = PBXFileReference; fileEncoding = 4; lastKnownFileType = sourcecode.cpp.cpp; path = CGlobalPropertyNode.cpp; sourceTree = "<group>"; };
		55E805FE1366237C006F1287 /* CGlobalPropertyNode.h */ = {isa = PBXFileReference; fileEncoding = 4; lastKnownFileType = sourcecode.c.h; path = CGlobalPropertyNode.h; sourceTree = "<group>"; };
		55E8060013662395006F1287 /* CObjectPropertyNode.cpp */ = {isa = PBXFileReference; fileEncoding = 4; lastKnownFileType = sourcecode.cpp.cpp; path = CObjectPropertyNode.cpp; sourceTree = "<group>"; };
		55E8060113662396006F1287 /* CObjectPropertyNode.h */ = {isa = PBXFileReference; fileEncoding = 4; lastKnownFileType = sourcecode.c.h; path = CObjectPropertyNode.h; sourceTree = "<group>"; };
		55E8060B1366249C006F1287 /* ForgeTypes.h */ = {isa = PBXFileReference; fileEncoding = 4; lastKnownFileType = sourcecode.c.h; path = ForgeTypes.h; sourceTree = "<group>"; };
		55E8060D136624D6006F1287 /* Forge.cpp */ = {isa = PBXFileReference; fileEncoding = 4; lastKnownFileType = sourcecode.cpp.cpp; name = Forge.cpp; path = ForgeFramework/ForgeFramework/Forge.cpp; sourceTree = "<group>"; };
		55E8060E136624D6006F1287 /* Forge.h */ = {isa = PBXFileReference; fileEncoding = 4; lastKnownFileType = sourcecode.c.h; name = Forge.h; path = ForgeFramework/ForgeFramework/Forge.h; sourceTree = "<group>"; };
		55EEB2461EDB02D4003069DA /* LEOWebPageInstructionsGeneric.cpp */ = {isa = PBXFileReference; fileEncoding = 4; lastKnownFileType = sourcecode.cpp.cpp; name = LEOWebPageInstructionsGeneric.cpp; path = Leonie/generic/LEOWebPageInstructionsGeneric.cpp; sourceTree = "<group>"; };
		55EEB2471EDB02D4003069DA /* LEOWebPageInstructionsGeneric.h */ = {isa = PBXFileReference; fileEncoding = 4; lastKnownFileType = sourcecode.c.h; name = LEOWebPageInstructionsGeneric.h; path = Leonie/generic/LEOWebPageInstructionsGeneric.h; sourceTree = "<group>"; };
		55FCEC0012C8DD0E00D76F6B /* testfile10.hc */ = {isa = PBXFileReference; fileEncoding = 4; lastKnownFileType = text; path = testfile10.hc; sourceTree = "<group>"; };
		55FCEC0512C8DDCE00D76F6B /* CIfNode.cpp */ = {isa = PBXFileReference; fileEncoding = 4; lastKnownFileType = sourcecode.cpp.cpp; path = CIfNode.cpp; sourceTree = "<group>"; };
		55FCEC0912C8DDDB00D76F6B /* CIfNode.h */ = {isa = PBXFileReference; fileEncoding = 4; lastKnownFileType = sourcecode.c.h; path = CIfNode.h; sourceTree = "<group>"; };
		55FCECD312C8F11200D76F6B /* testfile11.hc */ = {isa = PBXFileReference; fileEncoding = 4; lastKnownFileType = text; path = testfile11.hc; sourceTree = "<group>"; };
		55FCEE0712C95BE800D76F6B /* CAddCommandNode.cpp */ = {isa = PBXFileReference; fileEncoding = 4; lastKnownFileType = sourcecode.cpp.cpp; path = CAddCommandNode.cpp; sourceTree = "<group>"; };
		55FCEE0812C95BE800D76F6B /* CAddCommandNode.h */ = {isa = PBXFileReference; fileEncoding = 4; lastKnownFileType = sourcecode.c.h; path = CAddCommandNode.h; sourceTree = "<group>"; };
		8DD76F6C0486A84900D96B5E /* Forge */ = {isa = PBXFileReference; explicitFileType = "compiled.mach-o.executable"; includeInIndex = 0; path = Forge; sourceTree = BUILT_PRODUCTS_DIR; };
/* End PBXFileReference section */

/* Begin PBXFrameworksBuildPhase section */
		8DD76F660486A84900D96B5E /* Frameworks */ = {
			isa = PBXFrameworksBuildPhase;
			buildActionMask = 2147483647;
			files = (
				049E88290A8FB6EE0072DD07 /* Foundation.framework in Frameworks */,
			);
			runOnlyForDeploymentPostprocessing = 0;
		};
/* End PBXFrameworksBuildPhase section */

/* Begin PBXGroup section */
		049E87FB0A8FB6830072DD07 /* Linked Libraries */ = {
			isa = PBXGroup;
			children = (
				3D894ED80B2386B900D4F1D2 /* Cocoa.framework */,
				3D9B7DA90ABC1E7700767710 /* Carbon.framework */,
				049E88280A8FB6EE0072DD07 /* Foundation.framework */,
				3DF446040A9A644900516045 /* AddressBook.framework */,
			);
			name = "Linked Libraries";
			sourceTree = "<group>";
		};
		08FB7794FE84155DC02AAC07 /* HyperC */ = {
			isa = PBXGroup;
			children = (
				3D1F6C410A81496B00BF477D /* USAGE.txt */,
				5559CEFE1EB6DD3F00815DD9 /* Test Scripts */,
				08FB7795FE84155DC02AAC07 /* Source */,
				049E87FB0A8FB6830072DD07 /* Linked Libraries */,
				1AB674ADFE9D54B511CA2CBB /* Products */,
			);
			name = HyperC;
			sourceTree = "<group>";
		};
		08FB7795FE84155DC02AAC07 /* Source */ = {
			isa = PBXGroup;
			children = (
				08FB7796FE84155DC02AAC07 /* main.cpp */,
				55256831127CD571000D8325 /* UTF32CaseTables.h */,
				55AAC0591710ADAB008441AF /* UTF8UTF32Utilities.c */,
				55AAC05A1710ADAB008441AF /* UTF8UTF32Utilities.h */,
				559CCA161EDB1AF700E6D0CD /* fake_filesystem.hpp */,
				559CCA151EDB1AF700E6D0CD /* fake_filesystem.cpp */,
				55C72BDC127DCEF400CF0F16 /* CCodeBlock.h */,
				55C72BDD127DCEF400CF0F16 /* CCodeBlock.cpp */,
				55B24F5D0C189906001C7796 /* CVariableEntry.h */,
				55B24F5E0C189906001C7796 /* CVariableEntry.cpp */,
				3D7298320A7BC89C0065F0AC /* CToken.h */,
				3D7298310A7BC89C0065F0AC /* CToken.cpp */,
				3D7298560A7BC9990065F0AC /* CParser.h */,
				3D7298570A7BC9990065F0AC /* CParser.cpp */,
				55E8060B1366249C006F1287 /* ForgeTypes.h */,
				55E8060E136624D6006F1287 /* Forge.h */,
				55E8060D136624D6006F1287 /* Forge.cpp */,
				554DC316186390FE00B514E3 /* CForgeExceptions.h */,
				554DC315186390FE00B514E3 /* CForgeExceptions.cpp */,
				3DAE6D2F0BF29A8A00946F2F /* Parse Tree */,
				55C72BFE127DD31600CF0F16 /* Leonie */,
			);
			name = Source;
			sourceTree = "<group>";
		};
		1AB674ADFE9D54B511CA2CBB /* Products */ = {
			isa = PBXGroup;
			children = (
				8DD76F6C0486A84900D96B5E /* Forge */,
			);
			name = Products;
			sourceTree = "<group>";
		};
		3DAE6D2F0BF29A8A00946F2F /* Parse Tree */ = {
			isa = PBXGroup;
			children = (
				3DAE6D710BF3B90500946F2F /* CParseTree.h */,
				3DAE6D720BF3B90500946F2F /* CParseTree.cpp */,
				3DAE6D470BF3B58A00946F2F /* CNode.h */,
				3DAE6D480BF3B58A00946F2F /* CNode.cpp */,
				3DAE6D3F0BF3ADDA00946F2F /* CValueNode.h */,
				3DAE6D400BF3ADDA00946F2F /* CValueNode.cpp */,
				558A8D8012BD205800F514F4 /* Commands */,
				3DC80ACD0BFFBFE5002CA7FF /* Code Blocks */,
				55AAC06B1710AEBB008441AF /* Transformations */,
			);
			name = "Parse Tree";
			sourceTree = "<group>";
		};
		3DC80ACD0BFFBFE5002CA7FF /* Code Blocks */ = {
			isa = PBXGroup;
			children = (
				3D897FB70BFC7FB9009FF852 /* CCodeBlockNode.h */,
				3D897FB80BFC7FB9009FF852 /* CCodeBlockNode.cpp */,
				3DAE6D570BF3B67500946F2F /* CFunctionDefinitionNode.h */,
				3DAE6D580BF3B67500946F2F /* CFunctionDefinitionNode.cpp */,
				3DC80A9B0BFF8D8B002CA7FF /* CWhileLoopNode.h */,
				3DC80A9C0BFF8D8B002CA7FF /* CWhileLoopNode.cpp */,
				55FCEC0912C8DDDB00D76F6B /* CIfNode.h */,
				55FCEC0512C8DDCE00D76F6B /* CIfNode.cpp */,
			);
			name = "Code Blocks";
			sourceTree = "<group>";
		};
		5559CEFE1EB6DD3F00815DD9 /* Test Scripts */ = {
			isa = PBXGroup;
			children = (
				04E0A9720A8ECFDB006A9717 /* testfile.hc */,
				3DB55B160AC89AE40073C115 /* testfile2.hc */,
				3D473B790AD46C0B00B35697 /* testfile3.hc */,
				3DCEC4450AD9998400092ABF /* testfile4.hc */,
				3DB565550AF8F46500F04130 /* testfile5.hc */,
				3D0E9CF40AFCFDE3004CE917 /* testfile6.hc */,
				3D4E23A80D992FE000CDC3BC /* testfile7.hc */,
				558A8D1512BD10C800F514F4 /* testfile8.hc */,
				55D78A0712BE9E1F00C5D76E /* testfile9.hc */,
				55FCEC0012C8DD0E00D76F6B /* testfile10.hc */,
				55FCECD312C8F11200D76F6B /* testfile11.hc */,
				55BF65DC12D936C000C2FDC3 /* testfile12.hc */,
				554DC30C186366F100B514E3 /* testfile13.hc */,
				55CD60E71876E952002450E2 /* testfile14.hc */,
				55A793F01EB003A9005C40D0 /* testfile15.hc */,
				5559CEFC1EB6548A00815DD9 /* testfile16.hc */,
				55965D4B1EDA0C63008A5BE3 /* testfile16_header.hc */,
				55965D4A1EDA0C63008A5BE3 /* testfile16_footer.hc */,
				556FA4521718AA7500A108E5 /* UnitTest.hc */,
			);
			name = "Test Scripts";
			sourceTree = "<group>";
		};
		558A8D8012BD205800F514F4 /* Commands */ = {
			isa = PBXGroup;
			children = (
				3DAE6D270BF2992200946F2F /* CCommandNode.h */,
				3DAE6D280BF2992200946F2F /* CCommandNode.cpp */,
				558A8D8312BD208600F514F4 /* CPushValueCommandNode.h */,
				558A8D8412BD208600F514F4 /* CPushValueCommandNode.cpp */,
				558A8DC112BD2BBC00F514F4 /* CAssignCommandNode.h */,
				558A8DC012BD2BBC00F514F4 /* CAssignCommandNode.cpp */,
				55D78AEA12C27E7B00C5D76E /* CPutCommandNode.h */,
				55D78AE912C27E7B00C5D76E /* CPutCommandNode.cpp */,
				558A8EFC12BD6A4B00F514F4 /* CGetParamCommandNode.h */,
				558A8EFD12BD6A4B00F514F4 /* CGetParamCommandNode.cpp */,
				55D789E412BE937600C5D76E /* CReturnCommandNode.h */,
				55D789E512BE937600C5D76E /* CReturnCommandNode.cpp */,
				3DC0F1640BF5D4F700C641C2 /* CFunctionCallNode.h */,
				3DC0F1650BF5D4F700C641C2 /* CFunctionCallNode.cpp */,
				55D78B1A12C2B23000C5D76E /* COperatorNode.h */,
				55D78B1912C2B23000C5D76E /* COperatorNode.cpp */,
				55FCEE0812C95BE800D76F6B /* CAddCommandNode.h */,
				55FCEE0712C95BE800D76F6B /* CAddCommandNode.cpp */,
				55AAC06C1710AF1C008441AF /* CMultiplyCommandNode.cpp */,
				55AAC06D1710AF1C008441AF /* CDivideCommandNode.cpp */,
				55AAC06E1710AF1C008441AF /* CSubtractCommandNode.cpp */,
				55AAC06F1710AF1C008441AF /* CMultiplyCommandNode.h */,
				55AAC0701710AF1D008441AF /* CDivideCommandNode.h */,
				55AAC0711710AF1D008441AF /* CSubtractCommandNode.h */,
				55CFBE2712D3D156007B3627 /* CLineMarkerNode.h */,
				55CFBE2612D3D156007B3627 /* CLineMarkerNode.cpp */,
				55BF651312D8A26300C2FDC3 /* CAssignChunkArrayNode.h */,
				55BF651212D8A26300C2FDC3 /* CAssignChunkArrayNode.cpp */,
				55BF655312D91ACC00C2FDC3 /* CGetArrayItemCountNode.h */,
				55BF655212D91ACC00C2FDC3 /* CGetArrayItemCountNode.cpp */,
				55BF655912D91AEE00C2FDC3 /* CGetArrayItemNode.h */,
				55BF655812D91AEE00C2FDC3 /* CGetArrayItemNode.cpp */,
				55993B7D1347EBB2001624A2 /* CMakeChunkRefNode.h */,
				55993B7C1347EBB1001624A2 /* CMakeChunkRefNode.cpp */,
				55993B811348F3AB001624A2 /* CMakeChunkConstNode.h */,
				55993B801348F3AA001624A2 /* CMakeChunkConstNode.cpp */,
				55AAC0751710B10E008441AF /* CGetChunkPropertyNode.cpp */,
				55AAC0761710B10E008441AF /* CGetChunkPropertyNode.h */,
				55E805FE1366237C006F1287 /* CGlobalPropertyNode.h */,
				55E805FD1366237C006F1287 /* CGlobalPropertyNode.cpp */,
				55E8060113662396006F1287 /* CObjectPropertyNode.h */,
				55E8060013662395006F1287 /* CObjectPropertyNode.cpp */,
				55AAC07C1710B1E6008441AF /* CDownloadCommandNode.h */,
				55AAC07B1710B1E5008441AF /* CDownloadCommandNode.cpp */,
				55CD60EA1876F7C9002450E2 /* CParseErrorCommandNode.h */,
				55CD60E91876F7C9002450E2 /* CParseErrorCommandNode.cpp */,
			);
			name = Commands;
			sourceTree = "<group>";
		};
		55AAC06B1710AEBB008441AF /* Transformations */ = {
			isa = PBXGroup;
			children = (
				55AAC05C1710AEAD008441AF /* CChunkPropertyNodeTransformation.cpp */,
				55AAC05D1710AEAD008441AF /* CChunkPropertyNodeTransformation.h */,
				55AAC05E1710AEAE008441AF /* CConcatOperatorNodeTransformation.cpp */,
				55AAC05F1710AEAE008441AF /* CConcatOperatorNodeTransformation.h */,
				55AAC0601710AEAE008441AF /* CConcatSpaceOperatorNodeTransformation.cpp */,
				55AAC0611710AEAF008441AF /* CConcatSpaceOperatorNodeTransformation.h */,
				55AAC0621710AEAF008441AF /* CNodeTransformation.cpp */,
				55AAC0631710AEAF008441AF /* CNodeTransformation.h */,
				55AAC0641710AEB1008441AF /* COperatorNodeTransformation.cpp */,
				55AAC0651710AEB1008441AF /* COperatorNodeTransformation.h */,
			);
			name = Transformations;
			sourceTree = "<group>";
		};
		55C72BFE127DD31600CF0F16 /* Leonie */ = {
			isa = PBXGroup;
			children = (
				55C72BE8127DD30B00CF0F16 /* LEOValue.h */,
				55C72BE9127DD30B00CF0F16 /* LEOValue.c */,
				559CCA141EDB168200E6D0CD /* LEOUserData.h */,
				55C72BEA127DD30B00CF0F16 /* LEOInterpreter.h */,
				55C72BEB127DD30B00CF0F16 /* LEOInterpreter.c */,
				55C72BEC127DD30B00CF0F16 /* LEOInstructions.h */,
				55C72BED127DD30B00CF0F16 /* LEOInstructions.c */,
				55C72BEE127DD30B00CF0F16 /* LEOScript.h */,
				55C72BEF127DD30B00CF0F16 /* LEOScript.c */,
				55C72BF0127DD30B00CF0F16 /* LEODebugger.h */,
				55C72BF1127DD30B00CF0F16 /* LEODebugger.c */,
				55A5855D12F369E1009550CD /* LEORemoteDebugger.h */,
				55A5855C12F369E1009550CD /* LEORemoteDebugger.c */,
				55C72BF2127DD30B00CF0F16 /* LEOChunks.h */,
				55C72BF3127DD30B00CF0F16 /* LEOChunks.c */,
				55C72BF4127DD30B00CF0F16 /* LEOContextGroup.h */,
				55C72BF5127DD30B00CF0F16 /* LEOContextGroup.c */,
				55C72BF6127DD30B00CF0F16 /* LEOHandlerID.h */,
				551E0E0A1CD2C29C008B80E1 /* LEOStringUtilities.h */,
				551E0E081CD2C294008B80E1 /* LEOStringUtilities.c */,
				556FA4551718AED200A108E5 /* LEOMsgCommandsGeneric.h */,
				556FA4541718AED100A108E5 /* LEOMsgCommandsGeneric.c */,
				55AAC0571710A1BB008441AF /* LEOMsgInstructionsGeneric.h */,
				55AAC0561710A1BB008441AF /* LEOMsgInstructionsGeneric.cpp */,
				55A793EE1EAFFCD2005C40D0 /* LEOFileInstructionsGeneric.h */,
				55A793ED1EAFFCD2005C40D0 /* LEOFileInstructionsGeneric.c */,
				55AAC0791710B1B1008441AF /* LEOPropertyInstructions.h */,
				55AAC0781710B1B1008441AF /* LEOPropertyInstructions.c */,
				55A793EB1EAFE490005C40D0 /* LEOPropertyInstructionsGeneric.c */,
				55AAC07F1710B21D008441AF /* LEODownloadInstructions.h */,
				55AAC07E1710B21C008441AF /* LEODownloadInstructions.c */,
				55EEB2471EDB02D4003069DA /* LEOWebPageInstructionsGeneric.h */,
				55EEB2461EDB02D4003069DA /* LEOWebPageInstructionsGeneric.cpp */,
				5538246517274659007785D8 /* LEOObjCCallInstructions.h */,
				5538246417274659007785D8 /* LEOObjCCallInstructions.c */,
			);
			name = Leonie;
			sourceTree = "<group>";
		};
/* End PBXGroup section */

/* Begin PBXNativeTarget section */
		8DD76F620486A84900D96B5E /* Forge */ = {
			isa = PBXNativeTarget;
			buildConfigurationList = 1DEB923108733DC60010E9CD /* Build configuration list for PBXNativeTarget "Forge" */;
			buildPhases = (
				8DD76F640486A84900D96B5E /* Sources */,
				8DD76F660486A84900D96B5E /* Frameworks */,
				8DD76F690486A84900D96B5E /* CopyFiles */,
			);
			buildRules = (
			);
			dependencies = (
			);
			name = Forge;
			productInstallPath = "$(HOME)/bin";
			productName = HyperC;
			productReference = 8DD76F6C0486A84900D96B5E /* Forge */;
			productType = "com.apple.product-type.tool";
		};
/* End PBXNativeTarget section */

/* Begin PBXProject section */
		08FB7793FE84155DC02AAC07 /* Project object */ = {
			isa = PBXProject;
			attributes = {
				LastUpgradeCheck = 0500;
			};
			buildConfigurationList = 1DEB923508733DC60010E9CD /* Build configuration list for PBXProject "Forge" */;
			compatibilityVersion = "Xcode 3.2";
			developmentRegion = English;
			hasScannedForEncodings = 1;
			knownRegions = (
				English,
				Japanese,
				French,
				German,
			);
			mainGroup = 08FB7794FE84155DC02AAC07 /* HyperC */;
			projectDirPath = "";
			projectRoot = ..;
			targets = (
				8DD76F620486A84900D96B5E /* Forge */,
			);
		};
/* End PBXProject section */

/* Begin PBXSourcesBuildPhase section */
		8DD76F640486A84900D96B5E /* Sources */ = {
			isa = PBXSourcesBuildPhase;
			buildActionMask = 2147483647;
			files = (
				8DD76F650486A84900D96B5E /* main.cpp in Sources */,
				55EEB2481EDB02D4003069DA /* LEOWebPageInstructionsGeneric.cpp in Sources */,
				3D7298350A7BC89C0065F0AC /* CToken.cpp in Sources */,
				3D7298590A7BC9990065F0AC /* CParser.cpp in Sources */,
				3DAE6D2A0BF2992200946F2F /* CCommandNode.cpp in Sources */,
				3DAE6D420BF3ADDA00946F2F /* CValueNode.cpp in Sources */,
				55A793EF1EAFFCD2005C40D0 /* LEOFileInstructionsGeneric.c in Sources */,
				3DAE6D4A0BF3B58A00946F2F /* CNode.cpp in Sources */,
				3DAE6D5A0BF3B67500946F2F /* CFunctionDefinitionNode.cpp in Sources */,
				3DAE6D740BF3B90500946F2F /* CParseTree.cpp in Sources */,
				55CD60EB1876F7C9002450E2 /* CParseErrorCommandNode.cpp in Sources */,
				3DC0F1670BF5D4F700C641C2 /* CFunctionCallNode.cpp in Sources */,
				3D897FBA0BFC7FB9009FF852 /* CCodeBlockNode.cpp in Sources */,
				3DC80A9E0BFF8D8B002CA7FF /* CWhileLoopNode.cpp in Sources */,
				55B24F600C189906001C7796 /* CVariableEntry.cpp in Sources */,
				55C72BDE127DCEF400CF0F16 /* CCodeBlock.cpp in Sources */,
				55C72BF7127DD30B00CF0F16 /* LEOValue.c in Sources */,
				55C72BF8127DD30B00CF0F16 /* LEOInterpreter.c in Sources */,
				55C72BFA127DD30B00CF0F16 /* LEOScript.c in Sources */,
				55C72BFB127DD30B00CF0F16 /* LEODebugger.c in Sources */,
				55C72BFC127DD30B00CF0F16 /* LEOChunks.c in Sources */,
				55C72BFD127DD30B00CF0F16 /* LEOContextGroup.c in Sources */,
				558A8D8512BD208600F514F4 /* CPushValueCommandNode.cpp in Sources */,
				558A8DC212BD2BBC00F514F4 /* CAssignCommandNode.cpp in Sources */,
				558A8EFE12BD6A4B00F514F4 /* CGetParamCommandNode.cpp in Sources */,
				55D789E612BE937600C5D76E /* CReturnCommandNode.cpp in Sources */,
				55D78AEB12C27E7B00C5D76E /* CPutCommandNode.cpp in Sources */,
				55D78B1B12C2B23000C5D76E /* COperatorNode.cpp in Sources */,
				55FCEC0612C8DDCE00D76F6B /* CIfNode.cpp in Sources */,
				55FCEE0912C95BE800D76F6B /* CAddCommandNode.cpp in Sources */,
				551E0E091CD2C294008B80E1 /* LEOStringUtilities.c in Sources */,
				55CFBE2812D3D156007B3627 /* CLineMarkerNode.cpp in Sources */,
				55BF651412D8A26300C2FDC3 /* CAssignChunkArrayNode.cpp in Sources */,
				55BF655412D91ACC00C2FDC3 /* CGetArrayItemCountNode.cpp in Sources */,
				55A793EC1EAFE490005C40D0 /* LEOPropertyInstructionsGeneric.c in Sources */,
				55BF655A12D91AEE00C2FDC3 /* CGetArrayItemNode.cpp in Sources */,
				55A5855E12F369E1009550CD /* LEORemoteDebugger.c in Sources */,
				55993B7E1347EBB3001624A2 /* CMakeChunkRefNode.cpp in Sources */,
				55993B821348F3AD001624A2 /* CMakeChunkConstNode.cpp in Sources */,
				55E805FC13662198006F1287 /* LEOInstructions.c in Sources */,
				55E805FF1366237C006F1287 /* CGlobalPropertyNode.cpp in Sources */,
				55E8060213662396006F1287 /* CObjectPropertyNode.cpp in Sources */,
				55E8060F136624D6006F1287 /* Forge.cpp in Sources */,
				55AAC0581710A1BB008441AF /* LEOMsgInstructionsGeneric.cpp in Sources */,
				55AAC05B1710ADAC008441AF /* UTF8UTF32Utilities.c in Sources */,
				55AAC0661710AEB1008441AF /* CChunkPropertyNodeTransformation.cpp in Sources */,
				55AAC0671710AEB1008441AF /* CConcatOperatorNodeTransformation.cpp in Sources */,
				55AAC0681710AEB1008441AF /* CConcatSpaceOperatorNodeTransformation.cpp in Sources */,
				55AAC0691710AEB1008441AF /* CNodeTransformation.cpp in Sources */,
				55AAC06A1710AEB1008441AF /* COperatorNodeTransformation.cpp in Sources */,
				559CCA171EDB1AF700E6D0CD /* fake_filesystem.cpp in Sources */,
				55AAC0721710AF1D008441AF /* CMultiplyCommandNode.cpp in Sources */,
				55AAC0731710AF1D008441AF /* CDivideCommandNode.cpp in Sources */,
				55AAC0741710AF1D008441AF /* CSubtractCommandNode.cpp in Sources */,
				55AAC0771710B10E008441AF /* CGetChunkPropertyNode.cpp in Sources */,
				55AAC07A1710B1B1008441AF /* LEOPropertyInstructions.c in Sources */,
				55AAC07D1710B1E6008441AF /* CDownloadCommandNode.cpp in Sources */,
				554DC317186390FE00B514E3 /* CForgeExceptions.cpp in Sources */,
				55AAC0801710B21D008441AF /* LEODownloadInstructions.c in Sources */,
				556FA4561718AED200A108E5 /* LEOMsgCommandsGeneric.c in Sources */,
				5538246617274659007785D8 /* LEOObjCCallInstructions.c in Sources */,
			);
			runOnlyForDeploymentPostprocessing = 0;
		};
/* End PBXSourcesBuildPhase section */

/* Begin XCBuildConfiguration section */
		1DEB923208733DC60010E9CD /* Debug */ = {
			isa = XCBuildConfiguration;
			buildSettings = {
				CLANG_CXX_LANGUAGE_STANDARD = "c++0x";
				COPY_PHASE_STRIP = NO;
				GCC_C_LANGUAGE_STANDARD = gnu99;
				GCC_DYNAMIC_NO_PIC = NO;
				GCC_MODEL_TUNING = G5;
				GCC_OPTIMIZATION_LEVEL = 0;
				GCC_WARN_PEDANTIC = NO;
				INSTALL_PATH = "$(HOME)/bin";
				OTHER_CFLAGS = "-DDONT_ADJUST_LINE_NUMBERS";
				PRODUCT_NAME = Forge;
				ZERO_LINK = NO;
			};
			name = Debug;
		};
		1DEB923308733DC60010E9CD /* Release */ = {
			isa = XCBuildConfiguration;
			buildSettings = {
				CLANG_CXX_LANGUAGE_STANDARD = "c++0x";
				DEPLOYMENT_POSTPROCESSING = YES;
				GCC_C_LANGUAGE_STANDARD = gnu99;
				GCC_GENERATE_DEBUGGING_SYMBOLS = NO;
				GCC_MODEL_TUNING = G5;
				GCC_WARN_PEDANTIC = NO;
				INSTALL_PATH = "$(HOME)/bin";
				PRODUCT_NAME = Forge;
				STRIP_INSTALLED_PRODUCT = YES;
				ZERO_LINK = NO;
			};
			name = Release;
		};
		1DEB923608733DC60010E9CD /* Debug */ = {
			isa = XCBuildConfiguration;
			buildSettings = {
				GCC_WARN_ABOUT_RETURN_TYPE = YES;
				GCC_WARN_PEDANTIC = YES;
				GCC_WARN_SHADOW = YES;
				GCC_WARN_SIGN_COMPARE = YES;
				GCC_WARN_UNINITIALIZED_AUTOS = NO;
				GCC_WARN_UNUSED_VALUE = YES;
				GCC_WARN_UNUSED_VARIABLE = YES;
				ONLY_ACTIVE_ARCH = YES;
				SDKROOT = macosx;
			};
			name = Debug;
		};
		1DEB923708733DC60010E9CD /* Release */ = {
			isa = XCBuildConfiguration;
			buildSettings = {
				GCC_WARN_ABOUT_RETURN_TYPE = YES;
				GCC_WARN_PEDANTIC = YES;
				GCC_WARN_SHADOW = YES;
				GCC_WARN_SIGN_COMPARE = YES;
				GCC_WARN_UNINITIALIZED_AUTOS = YES;
				GCC_WARN_UNUSED_VALUE = YES;
				GCC_WARN_UNUSED_VARIABLE = YES;
				SDKROOT = macosx;
			};
			name = Release;
		};
/* End XCBuildConfiguration section */

/* Begin XCConfigurationList section */
		1DEB923108733DC60010E9CD /* Build configuration list for PBXNativeTarget "Forge" */ = {
			isa = XCConfigurationList;
			buildConfigurations = (
				1DEB923208733DC60010E9CD /* Debug */,
				1DEB923308733DC60010E9CD /* Release */,
			);
			defaultConfigurationIsVisible = 0;
			defaultConfigurationName = Release;
		};
		1DEB923508733DC60010E9CD /* Build configuration list for PBXProject "Forge" */ = {
			isa = XCConfigurationList;
			buildConfigurations = (
				1DEB923608733DC60010E9CD /* Debug */,
				1DEB923708733DC60010E9CD /* Release */,
			);
			defaultConfigurationIsVisible = 0;
			defaultConfigurationName = Release;
		};
/* End XCConfigurationList section */
	};
	rootObject = 08FB7793FE84155DC02AAC07 /* Project object */;
}
