<?xml version="1.0" encoding="utf-8"?>
<Project ToolsVersion="4.0" xmlns="http://schemas.microsoft.com/developer/msbuild/2003">
  <ItemGroup>
    <Filter Include="Source Files">
      <UniqueIdentifier>{4FC737F1-C7A5-4376-A066-2A32D752A2FF}</UniqueIdentifier>
      <Extensions>cpp;c;cc;cxx;def;odl;idl;hpj;bat;asm;asmx</Extensions>
    </Filter>
    <Filter Include="Header Files">
      <UniqueIdentifier>{93995380-89BD-4b04-88EB-625FBE52EBFB}</UniqueIdentifier>
      <Extensions>h;hh;hpp;hxx;hm;inl;inc;ipp;xsd</Extensions>
    </Filter>
    <Filter Include="Resource Files">
      <UniqueIdentifier>{67DA6AB6-F800-4c08-8B7A-83BB121AAD01}</UniqueIdentifier>
      <Extensions>rc;ico;cur;bmp;dlg;rc2;rct;bin;rgs;gif;jpg;jpeg;jpe;resx;tiff;tif;png;wav;mfcribbon-ms</Extensions>
    </Filter>
  </ItemGroup>
  <ItemGroup>
    <ClInclude Include="pch.h">
      <Filter>Header Files</Filter>
    </ClInclude>
    <ClInclude Include="..\CAddCommandNode.h">
      <Filter>Header Files</Filter>
    </ClInclude>
    <ClInclude Include="..\CAssignChunkArrayNode.h">
      <Filter>Header Files</Filter>
    </ClInclude>
    <ClInclude Include="..\CAssignCommandNode.h">
      <Filter>Header Files</Filter>
    </ClInclude>
    <ClInclude Include="..\CChunkPropertyNodeTransformation.h">
      <Filter>Header Files</Filter>
    </ClInclude>
    <ClInclude Include="..\CCodeBlock.h">
      <Filter>Header Files</Filter>
    </ClInclude>
    <ClInclude Include="..\CCodeBlockNode.h">
      <Filter>Header Files</Filter>
    </ClInclude>
    <ClInclude Include="..\CCommandNode.h">
      <Filter>Header Files</Filter>
    </ClInclude>
    <ClInclude Include="..\CConcatOperatorNodeTransformation.h">
      <Filter>Header Files</Filter>
    </ClInclude>
    <ClInclude Include="..\CConcatSpaceOperatorNodeTransformation.h">
      <Filter>Header Files</Filter>
    </ClInclude>
    <ClInclude Include="..\CDivideCommandNode.h">
      <Filter>Header Files</Filter>
    </ClInclude>
    <ClInclude Include="..\CDownloadCommandNode.h">
      <Filter>Header Files</Filter>
    </ClInclude>
    <ClInclude Include="..\CForgeExceptions.h">
      <Filter>Header Files</Filter>
    </ClInclude>
    <ClInclude Include="..\CFunctionCallNode.h">
      <Filter>Header Files</Filter>
    </ClInclude>
    <ClInclude Include="..\CFunctionDefinitionNode.h">
      <Filter>Header Files</Filter>
    </ClInclude>
    <ClInclude Include="..\CGetArrayItemCountNode.h">
      <Filter>Header Files</Filter>
    </ClInclude>
    <ClInclude Include="..\CGetArrayItemNode.h">
      <Filter>Header Files</Filter>
    </ClInclude>
    <ClInclude Include="..\CGetChunkPropertyNode.h">
      <Filter>Header Files</Filter>
    </ClInclude>
    <ClInclude Include="..\CGetParamCommandNode.h">
      <Filter>Header Files</Filter>
    </ClInclude>
    <ClInclude Include="..\CGlobalPropertyNode.h">
      <Filter>Header Files</Filter>
    </ClInclude>
    <ClInclude Include="..\CIfNode.h">
      <Filter>Header Files</Filter>
    </ClInclude>
    <ClInclude Include="..\CLineMarkerNode.h">
      <Filter>Header Files</Filter>
    </ClInclude>
    <ClInclude Include="..\CMakeChunkConstNode.h">
      <Filter>Header Files</Filter>
    </ClInclude>
    <ClInclude Include="..\CMakeChunkRefNode.h">
      <Filter>Header Files</Filter>
    </ClInclude>
    <ClInclude Include="..\CMultiplyCommandNode.h">
      <Filter>Header Files</Filter>
    </ClInclude>
    <ClInclude Include="..\CNode.h">
      <Filter>Header Files</Filter>
    </ClInclude>
    <ClInclude Include="..\CNodeTransformation.h">
      <Filter>Header Files</Filter>
    </ClInclude>
    <ClInclude Include="..\CObjectPropertyNode.h">
      <Filter>Header Files</Filter>
    </ClInclude>
    <ClInclude Include="..\COperatorNode.h">
      <Filter>Header Files</Filter>
    </ClInclude>
    <ClInclude Include="..\COperatorNodeTransformation.h">
      <Filter>Header Files</Filter>
    </ClInclude>
    <ClInclude Include="..\CParseErrorCommandNode.h">
      <Filter>Header Files</Filter>
    </ClInclude>
    <ClInclude Include="..\CParser.h">
      <Filter>Header Files</Filter>
    </ClInclude>
    <ClInclude Include="..\CParseTree.h">
      <Filter>Header Files</Filter>
    </ClInclude>
    <ClInclude Include="..\CPushValueCommandNode.h">
      <Filter>Header Files</Filter>
    </ClInclude>
    <ClInclude Include="..\CPutCommandNode.h">
      <Filter>Header Files</Filter>
    </ClInclude>
    <ClInclude Include="..\CReturnCommandNode.h">
      <Filter>Header Files</Filter>
    </ClInclude>
    <ClInclude Include="..\CSetChunkPropertyNode.h">
      <Filter>Header Files</Filter>
    </ClInclude>
    <ClInclude Include="..\CSubtractCommandNode.h">
      <Filter>Header Files</Filter>
    </ClInclude>
    <ClInclude Include="..\CToken.h">
      <Filter>Header Files</Filter>
    </ClInclude>
    <ClInclude Include="..\CValueNode.h">
      <Filter>Header Files</Filter>
    </ClInclude>
    <ClInclude Include="..\CVariableEntry.h">
      <Filter>Header Files</Filter>
    </ClInclude>
    <ClInclude Include="..\CWhileLoopNode.h">
      <Filter>Header Files</Filter>
    </ClInclude>
    <ClInclude Include="..\ForgeTypes.h">
      <Filter>Header Files</Filter>
    </ClInclude>
    <ClInclude Include="..\LEOMsgCommandsGeneric.h">
      <Filter>Header Files</Filter>
    </ClInclude>
    <ClInclude Include="..\ForgeFramework\ForgeFramework\Forge.h">
      <Filter>Header Files</Filter>
    </ClInclude>
    <ClInclude Include="..\Leonie\common\LEOChunks.h">
      <Filter>Header Files</Filter>
    </ClInclude>
    <ClInclude Include="..\Leonie\common\LEOContextGroup.h">
      <Filter>Header Files</Filter>
    </ClInclude>
    <ClInclude Include="..\Leonie\common\LEODebugger.h">
      <Filter>Header Files</Filter>
    </ClInclude>
    <ClInclude Include="..\Leonie\common\LEOHandlerID.h">
      <Filter>Header Files</Filter>
    </ClInclude>
    <ClInclude Include="..\Leonie\common\LEOInstructions.h">
      <Filter>Header Files</Filter>
    </ClInclude>
    <ClInclude Include="..\Leonie\common\LEOInterpreter.h">
      <Filter>Header Files</Filter>
    </ClInclude>
    <ClInclude Include="..\Leonie\common\LEOScript.h">
      <Filter>Header Files</Filter>
    </ClInclude>
    <ClInclude Include="..\Leonie\common\LEOStringUtilities.h">
      <Filter>Header Files</Filter>
    </ClInclude>
    <ClInclude Include="..\Leonie\common\LEOUserData.h">
      <Filter>Header Files</Filter>
    </ClInclude>
    <ClInclude Include="..\Leonie\common\LEOValue.h">
      <Filter>Header Files</Filter>
    </ClInclude>
    <ClInclude Include="..\Leonie\generic\LEODownloadInstructions.h">
      <Filter>Header Files</Filter>
    </ClInclude>
    <ClInclude Include="..\Leonie\generic\LEOFileInstructionsGeneric.h">
      <Filter>Header Files</Filter>
    </ClInclude>
    <ClInclude Include="..\Leonie\generic\LEOMsgInstructionsGeneric.h">
      <Filter>Header Files</Filter>
    </ClInclude>
    <ClInclude Include="..\Leonie\generic\LEOObjCCallInstructions.h">
      <Filter>Header Files</Filter>
    </ClInclude>
    <ClInclude Include="..\Leonie\generic\LEOPropertyInstructions.h">
      <Filter>Header Files</Filter>
    </ClInclude>
    <ClInclude Include="..\Leonie\generic\LEOWebPageInstructionsGeneric.h">
      <Filter>Header Files</Filter>
    </ClInclude>
    <ClInclude Include="..\Leonie\generic\UTF8UTF32Utilities.h">
      <Filter>Header Files</Filter>
    </ClInclude>
    <ClInclude Include="..\Leonie\generic\UTF32CaseTables.h">
      <Filter>Header Files</Filter>
    </ClInclude>
  </ItemGroup>
  <ItemGroup>
    <ClCompile Include="pch.cpp">
      <Filter>Source Files</Filter>
    </ClCompile>
    <ClCompile Include="..\CAddCommandNode.cpp">
      <Filter>Source Files</Filter>
    </ClCompile>
    <ClCompile Include="..\CAssignChunkArrayNode.cpp">
      <Filter>Source Files</Filter>
    </ClCompile>
    <ClCompile Include="..\CAssignCommandNode.cpp">
      <Filter>Source Files</Filter>
    </ClCompile>
    <ClCompile Include="..\CChunkPropertyNodeTransformation.cpp">
      <Filter>Source Files</Filter>
    </ClCompile>
    <ClCompile Include="..\CCodeBlock.cpp">
      <Filter>Source Files</Filter>
    </ClCompile>
    <ClCompile Include="..\CCodeBlockNode.cpp">
      <Filter>Source Files</Filter>
    </ClCompile>
    <ClCompile Include="..\CCommandNode.cpp">
      <Filter>Source Files</Filter>
    </ClCompile>
    <ClCompile Include="..\CConcatOperatorNodeTransformation.cpp">
      <Filter>Source Files</Filter>
    </ClCompile>
    <ClCompile Include="..\CConcatSpaceOperatorNodeTransformation.cpp">
      <Filter>Source Files</Filter>
    </ClCompile>
    <ClCompile Include="..\CDivideCommandNode.cpp">
      <Filter>Source Files</Filter>
    </ClCompile>
    <ClCompile Include="..\CDownloadCommandNode.cpp">
      <Filter>Source Files</Filter>
    </ClCompile>
    <ClCompile Include="..\CForgeExceptions.cpp">
      <Filter>Source Files</Filter>
    </ClCompile>
    <ClCompile Include="..\CFunctionCallNode.cpp">
      <Filter>Source Files</Filter>
    </ClCompile>
    <ClCompile Include="..\CFunctionDefinitionNode.cpp">
      <Filter>Source Files</Filter>
    </ClCompile>
    <ClCompile Include="..\CGetArrayItemCountNode.cpp">
      <Filter>Source Files</Filter>
    </ClCompile>
    <ClCompile Include="..\CGetArrayItemNode.cpp">
      <Filter>Source Files</Filter>
    </ClCompile>
    <ClCompile Include="..\CGetChunkPropertyNode.cpp">
      <Filter>Source Files</Filter>
    </ClCompile>
    <ClCompile Include="..\CGetParamCommandNode.cpp">
      <Filter>Source Files</Filter>
    </ClCompile>
    <ClCompile Include="..\CGlobalPropertyNode.cpp">
      <Filter>Source Files</Filter>
    </ClCompile>
    <ClCompile Include="..\CIfNode.cpp">
      <Filter>Source Files</Filter>
    </ClCompile>
    <ClCompile Include="..\CLineMarkerNode.cpp">
      <Filter>Source Files</Filter>
    </ClCompile>
    <ClCompile Include="..\CMakeChunkConstNode.cpp">
      <Filter>Source Files</Filter>
    </ClCompile>
    <ClCompile Include="..\CMakeChunkRefNode.cpp">
      <Filter>Source Files</Filter>
    </ClCompile>
    <ClCompile Include="..\CMultiplyCommandNode.cpp">
      <Filter>Source Files</Filter>
    </ClCompile>
    <ClCompile Include="..\CNode.cpp">
      <Filter>Source Files</Filter>
    </ClCompile>
    <ClCompile Include="..\CNodeTransformation.cpp">
      <Filter>Source Files</Filter>
    </ClCompile>
    <ClCompile Include="..\CObjectPropertyNode.cpp">
      <Filter>Source Files</Filter>
    </ClCompile>
    <ClCompile Include="..\COperatorNode.cpp">
      <Filter>Source Files</Filter>
    </ClCompile>
    <ClCompile Include="..\COperatorNodeTransformation.cpp">
      <Filter>Source Files</Filter>
    </ClCompile>
    <ClCompile Include="..\CParseErrorCommandNode.cpp">
      <Filter>Source Files</Filter>
    </ClCompile>
    <ClCompile Include="..\CParser.cpp">
      <Filter>Source Files</Filter>
    </ClCompile>
    <ClCompile Include="..\CParseTree.cpp">
      <Filter>Source Files</Filter>
    </ClCompile>
    <ClCompile Include="..\CPushValueCommandNode.cpp">
      <Filter>Source Files</Filter>
    </ClCompile>
    <ClCompile Include="..\CPutCommandNode.cpp">
      <Filter>Source Files</Filter>
    </ClCompile>
    <ClCompile Include="..\CReturnCommandNode.cpp">
      <Filter>Source Files</Filter>
    </ClCompile>
    <ClCompile Include="..\CSetChunkPropertyNode.cpp">
      <Filter>Source Files</Filter>
    </ClCompile>
    <ClCompile Include="..\CSubtractCommandNode.cpp">
      <Filter>Source Files</Filter>
    </ClCompile>
    <ClCompile Include="..\CToken.cpp">
      <Filter>Source Files</Filter>
    </ClCompile>
    <ClCompile Include="..\CValueNode.cpp">
      <Filter>Source Files</Filter>
    </ClCompile>
    <ClCompile Include="..\CVariableEntry.cpp">
      <Filter>Source Files</Filter>
    </ClCompile>
    <ClCompile Include="..\CWhileLoopNode.cpp">
      <Filter>Source Files</Filter>
    </ClCompile>
    <ClCompile Include="..\LEOMsgCommandsGeneric.c">
      <Filter>Source Files</Filter>
    </ClCompile>
    <ClCompile Include="..\LEOPropertyInstructionsGeneric.c">
      <Filter>Source Files</Filter>
    </ClCompile>
    <ClCompile Include="..\main.cpp">
      <Filter>Source Files</Filter>
    </ClCompile>
    <ClCompile Include="..\ForgeFramework\ForgeFramework\Forge.cpp">
      <Filter>Source Files</Filter>
    </ClCompile>
    <ClCompile Include="..\Leonie\common\LEOChunks.c">
      <Filter>Source Files</Filter>
    </ClCompile>
    <ClCompile Include="..\Leonie\common\LEOContextGroup.c">
      <Filter>Source Files</Filter>
    </ClCompile>
    <ClCompile Include="..\Leonie\common\LEODebugger.c">
      <Filter>Source Files</Filter>
    </ClCompile>
    <ClCompile Include="..\Leonie\common\LEOInstructions.c">
      <Filter>Source Files</Filter>
    </ClCompile>
    <ClCompile Include="..\Leonie\common\LEOInterpreter.c">
      <Filter>Source Files</Filter>
    </ClCompile>
    <ClCompile Include="..\Leonie\common\LEOScript.c">
      <Filter>Source Files</Filter>
    </ClCompile>
    <ClCompile Include="..\Leonie\common\LEOStringUtilities.c">
      <Filter>Source Files</Filter>
    </ClCompile>
    <ClCompile Include="..\Leonie\common\LEOValue.c">
      <Filter>Source Files</Filter>
    </ClCompile>
    <ClCompile Include="..\Leonie\generic\LEODownloadInstructions.c">
      <Filter>Source Files</Filter>
    </ClCompile>
    <ClCompile Include="..\Leonie\generic\LEOFileInstructionsGeneric.cpp">
      <Filter>Source Files</Filter>
    </ClCompile>
    <ClCompile Include="..\Leonie\generic\LEOMsgInstructionsGeneric.cpp">
      <Filter>Source Files</Filter>
    </ClCompile>
    <ClCompile Include="..\Leonie\generic\LEOObjCCallInstructions.c">
      <Filter>Source Files</Filter>
    </ClCompile>
    <ClCompile Include="..\Leonie\generic\LEOPropertyInstructions.c">
      <Filter>Source Files</Filter>
    </ClCompile>
    <ClCompile Include="..\Leonie\generic\LEOWebPageInstructionsGeneric.cpp">
      <Filter>Source Files</Filter>
    </ClCompile>
    <ClCompile Include="..\Leonie\generic\UTF8UTF32Utilities.c">
      <Filter>Source Files</Filter>
    </ClCompile>
  </ItemGroup>
</Project>